// !$*UTF8*$!
{
	archiveVersion = 1;
	classes = {
	};
	objectVersion = 46;
	objects = {

/* Begin PBXBuildFile section */
		D3D24B1C1B29FE640061F641 /* EventEndedListController.m in Sources */ = {isa = PBXBuildFile; fileRef = D3D24B191B29FE640061F641 /* EventEndedListController.m */; };
		D3D24B1D1B29FE640061F641 /* EventStartedListController.m in Sources */ = {isa = PBXBuildFile; fileRef = D3D24B1B1B29FE640061F641 /* EventStartedListController.m */; };
		D3D24B201B2A01900061F641 /* EventDetailViewController.m in Sources */ = {isa = PBXBuildFile; fileRef = D3D24B1F1B2A01900061F641 /* EventDetailViewController.m */; };
		D3E45B3F1B25D7C700676882 /* NetworkUtil.m in Sources */ = {isa = PBXBuildFile; fileRef = D3E45B3C1B25D7C700676882 /* NetworkUtil.m */; };
		D3E45B401B25D7C700676882 /* Util.m in Sources */ = {isa = PBXBuildFile; fileRef = D3E45B3E1B25D7C700676882 /* Util.m */; };
		D3E45B421B25D8EB00676882 /* Foundation.framework in Frameworks */ = {isa = PBXBuildFile; fileRef = D3E45B411B25D8EB00676882 /* Foundation.framework */; };
		D3E45B441B25D8F500676882 /* CoreText.framework in Frameworks */ = {isa = PBXBuildFile; fileRef = D3E45B431B25D8F500676882 /* CoreText.framework */; };
		D3E45B461B25D8FB00676882 /* Security.framework in Frameworks */ = {isa = PBXBuildFile; fileRef = D3E45B451B25D8FB00676882 /* Security.framework */; };
		D3E45B481B25D90200676882 /* QuartzCore.framework in Frameworks */ = {isa = PBXBuildFile; fileRef = D3E45B471B25D90200676882 /* QuartzCore.framework */; };
		D3E45B4A1B25D90900676882 /* ImageIO.framework in Frameworks */ = {isa = PBXBuildFile; fileRef = D3E45B491B25D90900676882 /* ImageIO.framework */; };
		D3E45B4C1B25D91100676882 /* UIKit.framework in Frameworks */ = {isa = PBXBuildFile; fileRef = D3E45B4B1B25D91100676882 /* UIKit.framework */; };
		D3E45B4E1B25D91900676882 /* CoreGraphics.framework in Frameworks */ = {isa = PBXBuildFile; fileRef = D3E45B4D1B25D91900676882 /* CoreGraphics.framework */; };
		D3E45B501B25D92000676882 /* libsqlite3.0.dylib in Frameworks */ = {isa = PBXBuildFile; fileRef = D3E45B4F1B25D92000676882 /* libsqlite3.0.dylib */; };
		D3E45B521B25D92D00676882 /* libc++.dylib in Frameworks */ = {isa = PBXBuildFile; fileRef = D3E45B511B25D92D00676882 /* libc++.dylib */; };
		D3E45B541B25D93C00676882 /* libicucore.dylib in Frameworks */ = {isa = PBXBuildFile; fileRef = D3E45B531B25D93C00676882 /* libicucore.dylib */; };
		D3E45B561B25D94400676882 /* CoreLocation.framework in Frameworks */ = {isa = PBXBuildFile; fileRef = D3E45B551B25D94400676882 /* CoreLocation.framework */; };
		D3E45B581B25D95200676882 /* CoreTelephony.framework in Frameworks */ = {isa = PBXBuildFile; fileRef = D3E45B571B25D95200676882 /* CoreTelephony.framework */; };
		D3E45B5A1B25D95E00676882 /* MobileCoreServices.framework in Frameworks */ = {isa = PBXBuildFile; fileRef = D3E45B591B25D95E00676882 /* MobileCoreServices.framework */; };
		D3E45B5C1B25D96600676882 /* SystemConfiguration.framework in Frameworks */ = {isa = PBXBuildFile; fileRef = D3E45B5B1B25D96600676882 /* SystemConfiguration.framework */; };
		D3E45B5E1B25D97000676882 /* libz.dylib in Frameworks */ = {isa = PBXBuildFile; fileRef = D3E45B5D1B25D97000676882 /* libz.dylib */; };
		D3E45B6C1B25DCC400676882 /* FMDatabase.m in Sources */ = {isa = PBXBuildFile; fileRef = D3E45B621B25DCC400676882 /* FMDatabase.m */; };
		D3E45B6D1B25DCC400676882 /* FMDatabaseAdditions.m in Sources */ = {isa = PBXBuildFile; fileRef = D3E45B641B25DCC400676882 /* FMDatabaseAdditions.m */; };
		D3E45B6E1B25DCC400676882 /* FMDatabasePool.m in Sources */ = {isa = PBXBuildFile; fileRef = D3E45B661B25DCC400676882 /* FMDatabasePool.m */; };
		D3E45B6F1B25DCC400676882 /* FMDatabaseQueue.m in Sources */ = {isa = PBXBuildFile; fileRef = D3E45B681B25DCC400676882 /* FMDatabaseQueue.m */; };
		D3E45B701B25DCC400676882 /* FMResultSet.m in Sources */ = {isa = PBXBuildFile; fileRef = D3E45B6B1B25DCC400676882 /* FMResultSet.m */; };
		D3E45B731B25DFAF00676882 /* DBUtil.m in Sources */ = {isa = PBXBuildFile; fileRef = D3E45B721B25DFAF00676882 /* DBUtil.m */; };
		D3E45B771B25E7AD00676882 /* MainTabBarControllerViewController.m in Sources */ = {isa = PBXBuildFile; fileRef = D3E45B761B25E7AD00676882 /* MainTabBarControllerViewController.m */; };
		D3E45B7B1B25E8E400676882 /* MyRootViewController.m in Sources */ = {isa = PBXBuildFile; fileRef = D3E45B7A1B25E8E400676882 /* MyRootViewController.m */; };
		D3E45B7E1B25E8FC00676882 /* IndexRootViewController.m in Sources */ = {isa = PBXBuildFile; fileRef = D3E45B7D1B25E8FC00676882 /* IndexRootViewController.m */; };
		D3E45B811B25E92100676882 /* SubscribeRootViewController.m in Sources */ = {isa = PBXBuildFile; fileRef = D3E45B801B25E92100676882 /* SubscribeRootViewController.m */; };
		D3E45B841B25E93000676882 /* EventRootViewController.m in Sources */ = {isa = PBXBuildFile; fileRef = D3E45B831B25E93000676882 /* EventRootViewController.m */; };
		D3E45B8A1B25EF1B00676882 /* LoginRootViewController.m in Sources */ = {isa = PBXBuildFile; fileRef = D3E45B881B25EF1B00676882 /* LoginRootViewController.m */; };
		D3E45B8B1B25EF1B00676882 /* LoginRootViewController.xib in Resources */ = {isa = PBXBuildFile; fileRef = D3E45B891B25EF1B00676882 /* LoginRootViewController.xib */; };
		D3E45B8F1B26652300676882 /* BHM_TextField.m in Sources */ = {isa = PBXBuildFile; fileRef = D3E45B8E1B26652300676882 /* BHM_TextField.m */; };
		D3E45B931B26665400676882 /* TelLoginViewController.m in Sources */ = {isa = PBXBuildFile; fileRef = D3E45B911B26665400676882 /* TelLoginViewController.m */; };
		D3E45B941B26665400676882 /* TelLoginViewController.xib in Resources */ = {isa = PBXBuildFile; fileRef = D3E45B921B26665400676882 /* TelLoginViewController.xib */; };
		D3E45B981B26789C00676882 /* RegTelViewController.m in Sources */ = {isa = PBXBuildFile; fileRef = D3E45B961B26789C00676882 /* RegTelViewController.m */; };
		D3E45B991B26789C00676882 /* RegTelViewController.xib in Resources */ = {isa = PBXBuildFile; fileRef = D3E45B971B26789C00676882 /* RegTelViewController.xib */; };
		D3E45B9D1B267CBE00676882 /* RegPwdViewController.m in Sources */ = {isa = PBXBuildFile; fileRef = D3E45B9B1B267CBE00676882 /* RegPwdViewController.m */; };
		D3E45B9E1B267CBE00676882 /* RegPwdViewController.xib in Resources */ = {isa = PBXBuildFile; fileRef = D3E45B9C1B267CBE00676882 /* RegPwdViewController.xib */; };
		D3E4BC0F1B28B55800113323 /* ALAlertBanner.m in Sources */ = {isa = PBXBuildFile; fileRef = D3E4BC031B28B55800113323 /* ALAlertBanner.m */; };
		D3E4BC101B28B55800113323 /* ALAlertBannerManager.m in Sources */ = {isa = PBXBuildFile; fileRef = D3E4BC051B28B55800113323 /* ALAlertBannerManager.m */; };
		D3E4BC111B28B55800113323 /* bannerAlert.png in Resources */ = {isa = PBXBuildFile; fileRef = D3E4BC071B28B55800113323 /* bannerAlert.png */; };
		D3E4BC121B28B55800113323 /* bannerAlert@2x.png in Resources */ = {isa = PBXBuildFile; fileRef = D3E4BC081B28B55800113323 /* bannerAlert@2x.png */; };
		D3E4BC131B28B55800113323 /* bannerFailure.png in Resources */ = {isa = PBXBuildFile; fileRef = D3E4BC091B28B55800113323 /* bannerFailure.png */; };
		D3E4BC141B28B55800113323 /* bannerFailure@2x.png in Resources */ = {isa = PBXBuildFile; fileRef = D3E4BC0A1B28B55800113323 /* bannerFailure@2x.png */; };
		D3E4BC151B28B55800113323 /* bannerNotify.png in Resources */ = {isa = PBXBuildFile; fileRef = D3E4BC0B1B28B55800113323 /* bannerNotify.png */; };
		D3E4BC161B28B55800113323 /* bannerNotify@2x.png in Resources */ = {isa = PBXBuildFile; fileRef = D3E4BC0C1B28B55800113323 /* bannerNotify@2x.png */; };
		D3E4BC171B28B55800113323 /* bannerSuccess.png in Resources */ = {isa = PBXBuildFile; fileRef = D3E4BC0D1B28B55800113323 /* bannerSuccess.png */; };
		D3E4BC181B28B55800113323 /* bannerSuccess@2x.png in Resources */ = {isa = PBXBuildFile; fileRef = D3E4BC0E1B28B55800113323 /* bannerSuccess@2x.png */; };
		D3E4D4CD1B27543C00BF2942 /* MyMainViewController.m in Sources */ = {isa = PBXBuildFile; fileRef = D3E4D4CC1B27543C00BF2942 /* MyMainViewController.m */; };
		D3E4D4D01B27585500BF2942 /* MySettingsViewController.m in Sources */ = {isa = PBXBuildFile; fileRef = D3E4D4CF1B27585500BF2942 /* MySettingsViewController.m */; };
		D3E4D4D91B275D3A00BF2942 /* NewsListViewController.m in Sources */ = {isa = PBXBuildFile; fileRef = D3E4D4D81B275D3A00BF2942 /* NewsListViewController.m */; };
		D3E4D4DC1B275D5C00BF2942 /* DynamicListViewController.m in Sources */ = {isa = PBXBuildFile; fileRef = D3E4D4DB1B275D5C00BF2942 /* DynamicListViewController.m */; };
		D3E4D4E71B2764DA00BF2942 /* ViewPageController.m in Sources */ = {isa = PBXBuildFile; fileRef = D3E4D4E51B2764DA00BF2942 /* ViewPageController.m */; };
		D3E4D4E81B2764DA00BF2942 /* ViewPageController.xib in Resources */ = {isa = PBXBuildFile; fileRef = D3E4D4E61B2764DA00BF2942 /* ViewPageController.xib */; };
		D3E4D4EC1B276BC900BF2942 /* LargeCell.m in Sources */ = {isa = PBXBuildFile; fileRef = D3E4D4EA1B276BC900BF2942 /* LargeCell.m */; };
		D3E4D4ED1B276BC900BF2942 /* LargeCell.xib in Resources */ = {isa = PBXBuildFile; fileRef = D3E4D4EB1B276BC900BF2942 /* LargeCell.xib */; };
		D3E4D4F11B276BDF00BF2942 /* SmallCell.m in Sources */ = {isa = PBXBuildFile; fileRef = D3E4D4EF1B276BDF00BF2942 /* SmallCell.m */; };
		D3E4D4F21B276BDF00BF2942 /* SmallCell.xib in Resources */ = {isa = PBXBuildFile; fileRef = D3E4D4F01B276BDF00BF2942 /* SmallCell.xib */; };
		F655B7EE1B2941DE0025D3BC /* SubscribeCollectionController.m in Sources */ = {isa = PBXBuildFile; fileRef = F655B7ED1B2941DE0025D3BC /* SubscribeCollectionController.m */; };
		F655B7F21B2962E50025D3BC /* CollectionCell.m in Sources */ = {isa = PBXBuildFile; fileRef = F655B7F01B2962E50025D3BC /* CollectionCell.m */; };
		F655B7F31B2962E50025D3BC /* CollectionCell.xib in Resources */ = {isa = PBXBuildFile; fileRef = F655B7F11B2962E50025D3BC /* CollectionCell.xib */; };
		F655B7F61B296A400025D3BC /* SubscribeNewsListViewController.m in Sources */ = {isa = PBXBuildFile; fileRef = F655B7F51B296A400025D3BC /* SubscribeNewsListViewController.m */; };
		F655B7F91B296B8A0025D3BC /* AddSubscribeList.m in Sources */ = {isa = PBXBuildFile; fileRef = F655B7F81B296B8A0025D3BC /* AddSubscribeList.m */; };
		F655B7FD1B296BFE0025D3BC /* AddSubscribeCell.m in Sources */ = {isa = PBXBuildFile; fileRef = F655B7FB1B296BFE0025D3BC /* AddSubscribeCell.m */; };
		F655B7FE1B296BFE0025D3BC /* AddSubscribeCell.xib in Resources */ = {isa = PBXBuildFile; fileRef = F655B7FC1B296BFE0025D3BC /* AddSubscribeCell.xib */; };
		F666FD331B28229D00D03E04 /* MJRefresh.bundle in Resources */ = {isa = PBXBuildFile; fileRef = F666FD231B28229D00D03E04 /* MJRefresh.bundle */; };
		F666FD341B28229D00D03E04 /* MJRefreshBaseView.m in Sources */ = {isa = PBXBuildFile; fileRef = F666FD261B28229D00D03E04 /* MJRefreshBaseView.m */; };
		F666FD351B28229D00D03E04 /* MJRefreshConst.m in Sources */ = {isa = PBXBuildFile; fileRef = F666FD281B28229D00D03E04 /* MJRefreshConst.m */; };
		F666FD361B28229D00D03E04 /* MJRefreshFooterView.m in Sources */ = {isa = PBXBuildFile; fileRef = F666FD2A1B28229D00D03E04 /* MJRefreshFooterView.m */; };
		F666FD371B28229D00D03E04 /* MJRefreshHeaderView.m in Sources */ = {isa = PBXBuildFile; fileRef = F666FD2C1B28229D00D03E04 /* MJRefreshHeaderView.m */; };
		F666FD381B28229D00D03E04 /* UIScrollView+MJExtension.m in Sources */ = {isa = PBXBuildFile; fileRef = F666FD2E1B28229D00D03E04 /* UIScrollView+MJExtension.m */; };
		F666FD391B28229D00D03E04 /* UIScrollView+MJRefresh.m in Sources */ = {isa = PBXBuildFile; fileRef = F666FD301B28229D00D03E04 /* UIScrollView+MJRefresh.m */; };
		F666FD3A1B28229D00D03E04 /* UIView+MJExtension.m in Sources */ = {isa = PBXBuildFile; fileRef = F666FD321B28229D00D03E04 /* UIView+MJExtension.m */; };
		F666FD3D1B282A1500D03E04 /* DetailViewController.m in Sources */ = {isa = PBXBuildFile; fileRef = F666FD3C1B282A1500D03E04 /* DetailViewController.m */; };
		F666FD411B284DC200D03E04 /* ReportViewController.m in Sources */ = {isa = PBXBuildFile; fileRef = F666FD3F1B284DC200D03E04 /* ReportViewController.m */; };
		F666FD421B284DC200D03E04 /* ReportViewController.xib in Resources */ = {isa = PBXBuildFile; fileRef = F666FD401B284DC200D03E04 /* ReportViewController.xib */; };
		F66BFF821B2A96FE00ECCFD9 /* btnCheck.png in Resources */ = {isa = PBXBuildFile; fileRef = F66BFF7C1B2A96FE00ECCFD9 /* btnCheck.png */; };
		F66BFF831B2A96FE00ECCFD9 /* btnCheck@2x.png in Resources */ = {isa = PBXBuildFile; fileRef = F66BFF7D1B2A96FE00ECCFD9 /* btnCheck@2x.png */; };
		F66BFF841B2A96FE00ECCFD9 /* HUD.m in Sources */ = {isa = PBXBuildFile; fileRef = F66BFF7F1B2A96FE00ECCFD9 /* HUD.m */; };
		F66BFF851B2A96FE00ECCFD9 /* MBProgressHUD.m in Sources */ = {isa = PBXBuildFile; fileRef = F66BFF811B2A96FE00ECCFD9 /* MBProgressHUD.m */; };
		F66BFF8E1B2AD58100ECCFD9 /* BindTelController.m in Sources */ = {isa = PBXBuildFile; fileRef = F66BFF8C1B2AD58100ECCFD9 /* BindTelController.m */; };
		F66BFF8F1B2AD58100ECCFD9 /* BindTelController.xib in Resources */ = {isa = PBXBuildFile; fileRef = F66BFF8D1B2AD58100ECCFD9 /* BindTelController.xib */; };
		F671CEB11B259A230031C51D /* main.m in Sources */ = {isa = PBXBuildFile; fileRef = F671CEB01B259A230031C51D /* main.m */; };
		F671CEB41B259A230031C51D /* AppDelegate.m in Sources */ = {isa = PBXBuildFile; fileRef = F671CEB31B259A230031C51D /* AppDelegate.m */; };
		F671CEB61B259A230031C51D /* Images.xcassets in Resources */ = {isa = PBXBuildFile; fileRef = F671CEB51B259A230031C51D /* Images.xcassets */; };
		F671CEB91B259A230031C51D /* LaunchScreen.xib in Resources */ = {isa = PBXBuildFile; fileRef = F671CEB71B259A230031C51D /* LaunchScreen.xib */; };
		F671CEC51B259A230031C51D /* bahaomiTests.m in Sources */ = {isa = PBXBuildFile; fileRef = F671CEC41B259A230031C51D /* bahaomiTests.m */; };
		F671CF5F1B259C3C0031C51D /* AFHTTPRequestOperation.m in Sources */ = {isa = PBXBuildFile; fileRef = F671CF281B259C3C0031C51D /* AFHTTPRequestOperation.m */; };
		F671CF601B259C3C0031C51D /* AFHTTPRequestOperationManager.m in Sources */ = {isa = PBXBuildFile; fileRef = F671CF2A1B259C3C0031C51D /* AFHTTPRequestOperationManager.m */; };
		F671CF611B259C3C0031C51D /* AFHTTPSessionManager.m in Sources */ = {isa = PBXBuildFile; fileRef = F671CF2C1B259C3C0031C51D /* AFHTTPSessionManager.m */; };
		F671CF621B259C3C0031C51D /* AFNetworkReachabilityManager.m in Sources */ = {isa = PBXBuildFile; fileRef = F671CF2F1B259C3C0031C51D /* AFNetworkReachabilityManager.m */; };
		F671CF631B259C3C0031C51D /* AFSecurityPolicy.m in Sources */ = {isa = PBXBuildFile; fileRef = F671CF311B259C3C0031C51D /* AFSecurityPolicy.m */; };
		F671CF641B259C3C0031C51D /* AFURLConnectionOperation.m in Sources */ = {isa = PBXBuildFile; fileRef = F671CF331B259C3C0031C51D /* AFURLConnectionOperation.m */; };
		F671CF651B259C3C0031C51D /* AFURLRequestSerialization.m in Sources */ = {isa = PBXBuildFile; fileRef = F671CF351B259C3C0031C51D /* AFURLRequestSerialization.m */; };
		F671CF661B259C3C0031C51D /* AFURLResponseSerialization.m in Sources */ = {isa = PBXBuildFile; fileRef = F671CF371B259C3C0031C51D /* AFURLResponseSerialization.m */; };
		F671CF671B259C3C0031C51D /* AFURLSessionManager.m in Sources */ = {isa = PBXBuildFile; fileRef = F671CF391B259C3C0031C51D /* AFURLSessionManager.m */; };
		F671CF681B259C3C0031C51D /* LICENSE in Resources */ = {isa = PBXBuildFile; fileRef = F671CF3A1B259C3C0031C51D /* LICENSE */; };
		F671CF691B259C3C0031C51D /* README.md in Sources */ = {isa = PBXBuildFile; fileRef = F671CF3B1B259C3C0031C51D /* README.md */; };
		F671CF6A1B259C3C0031C51D /* AFNetworkActivityIndicatorManager.m in Sources */ = {isa = PBXBuildFile; fileRef = F671CF3E1B259C3C0031C51D /* AFNetworkActivityIndicatorManager.m */; };
		F671CF6B1B259C3C0031C51D /* UIActivityIndicatorView+AFNetworking.m in Sources */ = {isa = PBXBuildFile; fileRef = F671CF401B259C3C0031C51D /* UIActivityIndicatorView+AFNetworking.m */; };
		F671CF6C1B259C3C0031C51D /* UIAlertView+AFNetworking.m in Sources */ = {isa = PBXBuildFile; fileRef = F671CF421B259C3C0031C51D /* UIAlertView+AFNetworking.m */; };
		F671CF6D1B259C3C0031C51D /* UIButton+AFNetworking.m in Sources */ = {isa = PBXBuildFile; fileRef = F671CF441B259C3C0031C51D /* UIButton+AFNetworking.m */; };
		F671CF6E1B259C3C0031C51D /* UIImageView+AFNetworking.m in Sources */ = {isa = PBXBuildFile; fileRef = F671CF461B259C3C0031C51D /* UIImageView+AFNetworking.m */; };
		F671CF6F1B259C3C0031C51D /* UIProgressView+AFNetworking.m in Sources */ = {isa = PBXBuildFile; fileRef = F671CF491B259C3C0031C51D /* UIProgressView+AFNetworking.m */; };
		F671CF701B259C3C0031C51D /* UIRefreshControl+AFNetworking.m in Sources */ = {isa = PBXBuildFile; fileRef = F671CF4B1B259C3C0031C51D /* UIRefreshControl+AFNetworking.m */; };
		F671CF711B259C3C0031C51D /* UIWebView+AFNetworking.m in Sources */ = {isa = PBXBuildFile; fileRef = F671CF4D1B259C3C0031C51D /* UIWebView+AFNetworking.m */; };
		F671CF8A1B259F550031C51D /* libWeChatSDK.a in Frameworks */ = {isa = PBXBuildFile; fileRef = F671CF7B1B259F550031C51D /* libWeChatSDK.a */; };
		F671CF8B1B259F550031C51D /* libWeiboSDK.a in Frameworks */ = {isa = PBXBuildFile; fileRef = F671CF7F1B259F550031C51D /* libWeiboSDK.a */; };
		F671CF8C1B259F550031C51D /* WeiboSDK.bundle in Resources */ = {isa = PBXBuildFile; fileRef = F671CF871B259F550031C51D /* WeiboSDK.bundle */; };
		F671CF981B25A22D0031C51D /* SGActionView.m in Sources */ = {isa = PBXBuildFile; fileRef = F671CF8F1B25A22D0031C51D /* SGActionView.m */; };
		F671CF991B25A22D0031C51D /* SGAlertMenu.m in Sources */ = {isa = PBXBuildFile; fileRef = F671CF911B25A22D0031C51D /* SGAlertMenu.m */; };
		F671CF9A1B25A22D0031C51D /* SGBaseMenu.m in Sources */ = {isa = PBXBuildFile; fileRef = F671CF931B25A22D0031C51D /* SGBaseMenu.m */; };
		F671CF9B1B25A22D0031C51D /* SGGridMenu.m in Sources */ = {isa = PBXBuildFile; fileRef = F671CF951B25A22D0031C51D /* SGGridMenu.m */; };
		F671CF9C1B25A22D0031C51D /* SGSheetMenu.m in Sources */ = {isa = PBXBuildFile; fileRef = F671CF971B25A22D0031C51D /* SGSheetMenu.m */; };
/* End PBXBuildFile section */

/* Begin PBXContainerItemProxy section */
		F671CEBF1B259A230031C51D /* PBXContainerItemProxy */ = {
			isa = PBXContainerItemProxy;
			containerPortal = F671CEA31B259A230031C51D /* Project object */;
			proxyType = 1;
			remoteGlobalIDString = F671CEAA1B259A230031C51D;
			remoteInfo = bahaomi;
		};
/* End PBXContainerItemProxy section */

/* Begin PBXFileReference section */
		D3D24B181B29FE640061F641 /* EventEndedListController.h */ = {isa = PBXFileReference; fileEncoding = 4; lastKnownFileType = sourcecode.c.h; path = EventEndedListController.h; sourceTree = "<group>"; };
		D3D24B191B29FE640061F641 /* EventEndedListController.m */ = {isa = PBXFileReference; fileEncoding = 4; lastKnownFileType = sourcecode.c.objc; path = EventEndedListController.m; sourceTree = "<group>"; };
		D3D24B1A1B29FE640061F641 /* EventStartedListController.h */ = {isa = PBXFileReference; fileEncoding = 4; lastKnownFileType = sourcecode.c.h; path = EventStartedListController.h; sourceTree = "<group>"; };
		D3D24B1B1B29FE640061F641 /* EventStartedListController.m */ = {isa = PBXFileReference; fileEncoding = 4; lastKnownFileType = sourcecode.c.objc; path = EventStartedListController.m; sourceTree = "<group>"; };
		D3D24B1E1B2A01900061F641 /* EventDetailViewController.h */ = {isa = PBXFileReference; fileEncoding = 4; lastKnownFileType = sourcecode.c.h; path = EventDetailViewController.h; sourceTree = "<group>"; };
		D3D24B1F1B2A01900061F641 /* EventDetailViewController.m */ = {isa = PBXFileReference; fileEncoding = 4; lastKnownFileType = sourcecode.c.objc; path = EventDetailViewController.m; sourceTree = "<group>"; };
		D3E45B3A1B25D7C700676882 /* Info.h */ = {isa = PBXFileReference; fileEncoding = 4; lastKnownFileType = sourcecode.c.h; path = Info.h; sourceTree = "<group>"; };
		D3E45B3B1B25D7C700676882 /* NetworkUtil.h */ = {isa = PBXFileReference; fileEncoding = 4; lastKnownFileType = sourcecode.c.h; path = NetworkUtil.h; sourceTree = "<group>"; };
		D3E45B3C1B25D7C700676882 /* NetworkUtil.m */ = {isa = PBXFileReference; fileEncoding = 4; lastKnownFileType = sourcecode.c.objc; path = NetworkUtil.m; sourceTree = "<group>"; };
		D3E45B3D1B25D7C700676882 /* Util.h */ = {isa = PBXFileReference; fileEncoding = 4; lastKnownFileType = sourcecode.c.h; path = Util.h; sourceTree = "<group>"; };
		D3E45B3E1B25D7C700676882 /* Util.m */ = {isa = PBXFileReference; fileEncoding = 4; lastKnownFileType = sourcecode.c.objc; path = Util.m; sourceTree = "<group>"; };
		D3E45B411B25D8EB00676882 /* Foundation.framework */ = {isa = PBXFileReference; lastKnownFileType = wrapper.framework; name = Foundation.framework; path = System/Library/Frameworks/Foundation.framework; sourceTree = SDKROOT; };
		D3E45B431B25D8F500676882 /* CoreText.framework */ = {isa = PBXFileReference; lastKnownFileType = wrapper.framework; name = CoreText.framework; path = System/Library/Frameworks/CoreText.framework; sourceTree = SDKROOT; };
		D3E45B451B25D8FB00676882 /* Security.framework */ = {isa = PBXFileReference; lastKnownFileType = wrapper.framework; name = Security.framework; path = System/Library/Frameworks/Security.framework; sourceTree = SDKROOT; };
		D3E45B471B25D90200676882 /* QuartzCore.framework */ = {isa = PBXFileReference; lastKnownFileType = wrapper.framework; name = QuartzCore.framework; path = System/Library/Frameworks/QuartzCore.framework; sourceTree = SDKROOT; };
		D3E45B491B25D90900676882 /* ImageIO.framework */ = {isa = PBXFileReference; lastKnownFileType = wrapper.framework; name = ImageIO.framework; path = System/Library/Frameworks/ImageIO.framework; sourceTree = SDKROOT; };
		D3E45B4B1B25D91100676882 /* UIKit.framework */ = {isa = PBXFileReference; lastKnownFileType = wrapper.framework; name = UIKit.framework; path = System/Library/Frameworks/UIKit.framework; sourceTree = SDKROOT; };
		D3E45B4D1B25D91900676882 /* CoreGraphics.framework */ = {isa = PBXFileReference; lastKnownFileType = wrapper.framework; name = CoreGraphics.framework; path = System/Library/Frameworks/CoreGraphics.framework; sourceTree = SDKROOT; };
		D3E45B4F1B25D92000676882 /* libsqlite3.0.dylib */ = {isa = PBXFileReference; lastKnownFileType = "compiled.mach-o.dylib"; name = libsqlite3.0.dylib; path = usr/lib/libsqlite3.0.dylib; sourceTree = SDKROOT; };
		D3E45B511B25D92D00676882 /* libc++.dylib */ = {isa = PBXFileReference; lastKnownFileType = "compiled.mach-o.dylib"; name = "libc++.dylib"; path = "usr/lib/libc++.dylib"; sourceTree = SDKROOT; };
		D3E45B531B25D93C00676882 /* libicucore.dylib */ = {isa = PBXFileReference; lastKnownFileType = "compiled.mach-o.dylib"; name = libicucore.dylib; path = usr/lib/libicucore.dylib; sourceTree = SDKROOT; };
		D3E45B551B25D94400676882 /* CoreLocation.framework */ = {isa = PBXFileReference; lastKnownFileType = wrapper.framework; name = CoreLocation.framework; path = System/Library/Frameworks/CoreLocation.framework; sourceTree = SDKROOT; };
		D3E45B571B25D95200676882 /* CoreTelephony.framework */ = {isa = PBXFileReference; lastKnownFileType = wrapper.framework; name = CoreTelephony.framework; path = System/Library/Frameworks/CoreTelephony.framework; sourceTree = SDKROOT; };
		D3E45B591B25D95E00676882 /* MobileCoreServices.framework */ = {isa = PBXFileReference; lastKnownFileType = wrapper.framework; name = MobileCoreServices.framework; path = System/Library/Frameworks/MobileCoreServices.framework; sourceTree = SDKROOT; };
		D3E45B5B1B25D96600676882 /* SystemConfiguration.framework */ = {isa = PBXFileReference; lastKnownFileType = wrapper.framework; name = SystemConfiguration.framework; path = System/Library/Frameworks/SystemConfiguration.framework; sourceTree = SDKROOT; };
		D3E45B5D1B25D97000676882 /* libz.dylib */ = {isa = PBXFileReference; lastKnownFileType = "compiled.mach-o.dylib"; name = libz.dylib; path = usr/lib/libz.dylib; sourceTree = SDKROOT; };
		D3E45B611B25DCC400676882 /* FMDatabase.h */ = {isa = PBXFileReference; fileEncoding = 4; lastKnownFileType = sourcecode.c.h; path = FMDatabase.h; sourceTree = "<group>"; };
		D3E45B621B25DCC400676882 /* FMDatabase.m */ = {isa = PBXFileReference; fileEncoding = 4; lastKnownFileType = sourcecode.c.objc; path = FMDatabase.m; sourceTree = "<group>"; };
		D3E45B631B25DCC400676882 /* FMDatabaseAdditions.h */ = {isa = PBXFileReference; fileEncoding = 4; lastKnownFileType = sourcecode.c.h; path = FMDatabaseAdditions.h; sourceTree = "<group>"; };
		D3E45B641B25DCC400676882 /* FMDatabaseAdditions.m */ = {isa = PBXFileReference; fileEncoding = 4; lastKnownFileType = sourcecode.c.objc; path = FMDatabaseAdditions.m; sourceTree = "<group>"; };
		D3E45B651B25DCC400676882 /* FMDatabasePool.h */ = {isa = PBXFileReference; fileEncoding = 4; lastKnownFileType = sourcecode.c.h; path = FMDatabasePool.h; sourceTree = "<group>"; };
		D3E45B661B25DCC400676882 /* FMDatabasePool.m */ = {isa = PBXFileReference; fileEncoding = 4; lastKnownFileType = sourcecode.c.objc; path = FMDatabasePool.m; sourceTree = "<group>"; };
		D3E45B671B25DCC400676882 /* FMDatabaseQueue.h */ = {isa = PBXFileReference; fileEncoding = 4; lastKnownFileType = sourcecode.c.h; path = FMDatabaseQueue.h; sourceTree = "<group>"; };
		D3E45B681B25DCC400676882 /* FMDatabaseQueue.m */ = {isa = PBXFileReference; fileEncoding = 4; lastKnownFileType = sourcecode.c.objc; path = FMDatabaseQueue.m; sourceTree = "<group>"; };
		D3E45B691B25DCC400676882 /* FMDB.h */ = {isa = PBXFileReference; fileEncoding = 4; lastKnownFileType = sourcecode.c.h; path = FMDB.h; sourceTree = "<group>"; };
		D3E45B6A1B25DCC400676882 /* FMResultSet.h */ = {isa = PBXFileReference; fileEncoding = 4; lastKnownFileType = sourcecode.c.h; path = FMResultSet.h; sourceTree = "<group>"; };
		D3E45B6B1B25DCC400676882 /* FMResultSet.m */ = {isa = PBXFileReference; fileEncoding = 4; lastKnownFileType = sourcecode.c.objc; path = FMResultSet.m; sourceTree = "<group>"; };
		D3E45B711B25DFAF00676882 /* DBUtil.h */ = {isa = PBXFileReference; fileEncoding = 4; lastKnownFileType = sourcecode.c.h; path = DBUtil.h; sourceTree = "<group>"; };
		D3E45B721B25DFAF00676882 /* DBUtil.m */ = {isa = PBXFileReference; fileEncoding = 4; lastKnownFileType = sourcecode.c.objc; path = DBUtil.m; sourceTree = "<group>"; };
		D3E45B751B25E7AD00676882 /* MainTabBarControllerViewController.h */ = {isa = PBXFileReference; fileEncoding = 4; lastKnownFileType = sourcecode.c.h; path = MainTabBarControllerViewController.h; sourceTree = "<group>"; };
		D3E45B761B25E7AD00676882 /* MainTabBarControllerViewController.m */ = {isa = PBXFileReference; fileEncoding = 4; lastKnownFileType = sourcecode.c.objc; path = MainTabBarControllerViewController.m; sourceTree = "<group>"; };
		D3E45B791B25E8E400676882 /* MyRootViewController.h */ = {isa = PBXFileReference; fileEncoding = 4; lastKnownFileType = sourcecode.c.h; path = MyRootViewController.h; sourceTree = "<group>"; };
		D3E45B7A1B25E8E400676882 /* MyRootViewController.m */ = {isa = PBXFileReference; fileEncoding = 4; lastKnownFileType = sourcecode.c.objc; path = MyRootViewController.m; sourceTree = "<group>"; };
		D3E45B7C1B25E8FC00676882 /* IndexRootViewController.h */ = {isa = PBXFileReference; fileEncoding = 4; lastKnownFileType = sourcecode.c.h; path = IndexRootViewController.h; sourceTree = "<group>"; };
		D3E45B7D1B25E8FC00676882 /* IndexRootViewController.m */ = {isa = PBXFileReference; fileEncoding = 4; lastKnownFileType = sourcecode.c.objc; path = IndexRootViewController.m; sourceTree = "<group>"; };
		D3E45B7F1B25E92100676882 /* SubscribeRootViewController.h */ = {isa = PBXFileReference; fileEncoding = 4; lastKnownFileType = sourcecode.c.h; path = SubscribeRootViewController.h; sourceTree = "<group>"; };
		D3E45B801B25E92100676882 /* SubscribeRootViewController.m */ = {isa = PBXFileReference; fileEncoding = 4; lastKnownFileType = sourcecode.c.objc; path = SubscribeRootViewController.m; sourceTree = "<group>"; };
		D3E45B821B25E93000676882 /* EventRootViewController.h */ = {isa = PBXFileReference; fileEncoding = 4; lastKnownFileType = sourcecode.c.h; path = EventRootViewController.h; sourceTree = "<group>"; };
		D3E45B831B25E93000676882 /* EventRootViewController.m */ = {isa = PBXFileReference; fileEncoding = 4; lastKnownFileType = sourcecode.c.objc; path = EventRootViewController.m; sourceTree = "<group>"; };
		D3E45B851B25EE3700676882 /* Message.h */ = {isa = PBXFileReference; fileEncoding = 4; lastKnownFileType = sourcecode.c.h; path = Message.h; sourceTree = "<group>"; };
		D3E45B871B25EF1B00676882 /* LoginRootViewController.h */ = {isa = PBXFileReference; fileEncoding = 4; lastKnownFileType = sourcecode.c.h; path = LoginRootViewController.h; sourceTree = "<group>"; };
		D3E45B881B25EF1B00676882 /* LoginRootViewController.m */ = {isa = PBXFileReference; fileEncoding = 4; lastKnownFileType = sourcecode.c.objc; path = LoginRootViewController.m; sourceTree = "<group>"; };
		D3E45B891B25EF1B00676882 /* LoginRootViewController.xib */ = {isa = PBXFileReference; fileEncoding = 4; lastKnownFileType = file.xib; path = LoginRootViewController.xib; sourceTree = "<group>"; };
		D3E45B8D1B26652300676882 /* BHM_TextField.h */ = {isa = PBXFileReference; fileEncoding = 4; lastKnownFileType = sourcecode.c.h; path = BHM_TextField.h; sourceTree = "<group>"; };
		D3E45B8E1B26652300676882 /* BHM_TextField.m */ = {isa = PBXFileReference; fileEncoding = 4; lastKnownFileType = sourcecode.c.objc; path = BHM_TextField.m; sourceTree = "<group>"; };
		D3E45B901B26665400676882 /* TelLoginViewController.h */ = {isa = PBXFileReference; fileEncoding = 4; lastKnownFileType = sourcecode.c.h; path = TelLoginViewController.h; sourceTree = "<group>"; };
		D3E45B911B26665400676882 /* TelLoginViewController.m */ = {isa = PBXFileReference; fileEncoding = 4; lastKnownFileType = sourcecode.c.objc; path = TelLoginViewController.m; sourceTree = "<group>"; };
		D3E45B921B26665400676882 /* TelLoginViewController.xib */ = {isa = PBXFileReference; fileEncoding = 4; lastKnownFileType = file.xib; path = TelLoginViewController.xib; sourceTree = "<group>"; };
		D3E45B951B26789C00676882 /* RegTelViewController.h */ = {isa = PBXFileReference; fileEncoding = 4; lastKnownFileType = sourcecode.c.h; path = RegTelViewController.h; sourceTree = "<group>"; };
		D3E45B961B26789C00676882 /* RegTelViewController.m */ = {isa = PBXFileReference; fileEncoding = 4; lastKnownFileType = sourcecode.c.objc; path = RegTelViewController.m; sourceTree = "<group>"; };
		D3E45B971B26789C00676882 /* RegTelViewController.xib */ = {isa = PBXFileReference; fileEncoding = 4; lastKnownFileType = file.xib; path = RegTelViewController.xib; sourceTree = "<group>"; };
		D3E45B9A1B267CBE00676882 /* RegPwdViewController.h */ = {isa = PBXFileReference; fileEncoding = 4; lastKnownFileType = sourcecode.c.h; path = RegPwdViewController.h; sourceTree = "<group>"; };
		D3E45B9B1B267CBE00676882 /* RegPwdViewController.m */ = {isa = PBXFileReference; fileEncoding = 4; lastKnownFileType = sourcecode.c.objc; path = RegPwdViewController.m; sourceTree = "<group>"; };
		D3E45B9C1B267CBE00676882 /* RegPwdViewController.xib */ = {isa = PBXFileReference; fileEncoding = 4; lastKnownFileType = file.xib; path = RegPwdViewController.xib; sourceTree = "<group>"; };
		D3E4BC011B28B55800113323 /* ALAlertBanner+Private.h */ = {isa = PBXFileReference; fileEncoding = 4; lastKnownFileType = sourcecode.c.h; path = "ALAlertBanner+Private.h"; sourceTree = "<group>"; };
		D3E4BC021B28B55800113323 /* ALAlertBanner.h */ = {isa = PBXFileReference; fileEncoding = 4; lastKnownFileType = sourcecode.c.h; path = ALAlertBanner.h; sourceTree = "<group>"; };
		D3E4BC031B28B55800113323 /* ALAlertBanner.m */ = {isa = PBXFileReference; fileEncoding = 4; lastKnownFileType = sourcecode.c.objc; path = ALAlertBanner.m; sourceTree = "<group>"; };
		D3E4BC041B28B55800113323 /* ALAlertBannerManager.h */ = {isa = PBXFileReference; fileEncoding = 4; lastKnownFileType = sourcecode.c.h; path = ALAlertBannerManager.h; sourceTree = "<group>"; };
		D3E4BC051B28B55800113323 /* ALAlertBannerManager.m */ = {isa = PBXFileReference; fileEncoding = 4; lastKnownFileType = sourcecode.c.objc; path = ALAlertBannerManager.m; sourceTree = "<group>"; };
		D3E4BC071B28B55800113323 /* bannerAlert.png */ = {isa = PBXFileReference; lastKnownFileType = image.png; path = bannerAlert.png; sourceTree = "<group>"; };
		D3E4BC081B28B55800113323 /* bannerAlert@2x.png */ = {isa = PBXFileReference; lastKnownFileType = image.png; path = "bannerAlert@2x.png"; sourceTree = "<group>"; };
		D3E4BC091B28B55800113323 /* bannerFailure.png */ = {isa = PBXFileReference; lastKnownFileType = image.png; path = bannerFailure.png; sourceTree = "<group>"; };
		D3E4BC0A1B28B55800113323 /* bannerFailure@2x.png */ = {isa = PBXFileReference; lastKnownFileType = image.png; path = "bannerFailure@2x.png"; sourceTree = "<group>"; };
		D3E4BC0B1B28B55800113323 /* bannerNotify.png */ = {isa = PBXFileReference; lastKnownFileType = image.png; path = bannerNotify.png; sourceTree = "<group>"; };
		D3E4BC0C1B28B55800113323 /* bannerNotify@2x.png */ = {isa = PBXFileReference; lastKnownFileType = image.png; path = "bannerNotify@2x.png"; sourceTree = "<group>"; };
		D3E4BC0D1B28B55800113323 /* bannerSuccess.png */ = {isa = PBXFileReference; lastKnownFileType = image.png; path = bannerSuccess.png; sourceTree = "<group>"; };
		D3E4BC0E1B28B55800113323 /* bannerSuccess@2x.png */ = {isa = PBXFileReference; lastKnownFileType = image.png; path = "bannerSuccess@2x.png"; sourceTree = "<group>"; };
		D3E4D4CB1B27543C00BF2942 /* MyMainViewController.h */ = {isa = PBXFileReference; fileEncoding = 4; lastKnownFileType = sourcecode.c.h; path = MyMainViewController.h; sourceTree = "<group>"; };
		D3E4D4CC1B27543C00BF2942 /* MyMainViewController.m */ = {isa = PBXFileReference; fileEncoding = 4; lastKnownFileType = sourcecode.c.objc; path = MyMainViewController.m; sourceTree = "<group>"; };
		D3E4D4CE1B27585500BF2942 /* MySettingsViewController.h */ = {isa = PBXFileReference; fileEncoding = 4; lastKnownFileType = sourcecode.c.h; path = MySettingsViewController.h; sourceTree = "<group>"; };
		D3E4D4CF1B27585500BF2942 /* MySettingsViewController.m */ = {isa = PBXFileReference; fileEncoding = 4; lastKnownFileType = sourcecode.c.objc; path = MySettingsViewController.m; sourceTree = "<group>"; };
		D3E4D4D71B275D3A00BF2942 /* NewsListViewController.h */ = {isa = PBXFileReference; fileEncoding = 4; lastKnownFileType = sourcecode.c.h; path = NewsListViewController.h; sourceTree = "<group>"; };
		D3E4D4D81B275D3A00BF2942 /* NewsListViewController.m */ = {isa = PBXFileReference; fileEncoding = 4; lastKnownFileType = sourcecode.c.objc; path = NewsListViewController.m; sourceTree = "<group>"; };
		D3E4D4DA1B275D5C00BF2942 /* DynamicListViewController.h */ = {isa = PBXFileReference; fileEncoding = 4; lastKnownFileType = sourcecode.c.h; path = DynamicListViewController.h; sourceTree = "<group>"; };
		D3E4D4DB1B275D5C00BF2942 /* DynamicListViewController.m */ = {isa = PBXFileReference; fileEncoding = 4; lastKnownFileType = sourcecode.c.objc; path = DynamicListViewController.m; sourceTree = "<group>"; };
		D3E4D4E41B2764DA00BF2942 /* ViewPageController.h */ = {isa = PBXFileReference; fileEncoding = 4; lastKnownFileType = sourcecode.c.h; path = ViewPageController.h; sourceTree = "<group>"; };
		D3E4D4E51B2764DA00BF2942 /* ViewPageController.m */ = {isa = PBXFileReference; fileEncoding = 4; lastKnownFileType = sourcecode.c.objc; path = ViewPageController.m; sourceTree = "<group>"; };
		D3E4D4E61B2764DA00BF2942 /* ViewPageController.xib */ = {isa = PBXFileReference; fileEncoding = 4; lastKnownFileType = file.xib; path = ViewPageController.xib; sourceTree = "<group>"; };
		D3E4D4E91B276BC900BF2942 /* LargeCell.h */ = {isa = PBXFileReference; fileEncoding = 4; lastKnownFileType = sourcecode.c.h; path = LargeCell.h; sourceTree = "<group>"; };
		D3E4D4EA1B276BC900BF2942 /* LargeCell.m */ = {isa = PBXFileReference; fileEncoding = 4; lastKnownFileType = sourcecode.c.objc; path = LargeCell.m; sourceTree = "<group>"; };
		D3E4D4EB1B276BC900BF2942 /* LargeCell.xib */ = {isa = PBXFileReference; fileEncoding = 4; lastKnownFileType = file.xib; path = LargeCell.xib; sourceTree = "<group>"; };
		D3E4D4EE1B276BDF00BF2942 /* SmallCell.h */ = {isa = PBXFileReference; fileEncoding = 4; lastKnownFileType = sourcecode.c.h; path = SmallCell.h; sourceTree = "<group>"; };
		D3E4D4EF1B276BDF00BF2942 /* SmallCell.m */ = {isa = PBXFileReference; fileEncoding = 4; lastKnownFileType = sourcecode.c.objc; path = SmallCell.m; sourceTree = "<group>"; };
		D3E4D4F01B276BDF00BF2942 /* SmallCell.xib */ = {isa = PBXFileReference; fileEncoding = 4; lastKnownFileType = file.xib; path = SmallCell.xib; sourceTree = "<group>"; };
		F655B7EC1B2941DE0025D3BC /* SubscribeCollectionController.h */ = {isa = PBXFileReference; fileEncoding = 4; lastKnownFileType = sourcecode.c.h; path = SubscribeCollectionController.h; sourceTree = "<group>"; };
		F655B7ED1B2941DE0025D3BC /* SubscribeCollectionController.m */ = {isa = PBXFileReference; fileEncoding = 4; lastKnownFileType = sourcecode.c.objc; path = SubscribeCollectionController.m; sourceTree = "<group>"; };
		F655B7EF1B2962E50025D3BC /* CollectionCell.h */ = {isa = PBXFileReference; fileEncoding = 4; lastKnownFileType = sourcecode.c.h; path = CollectionCell.h; sourceTree = "<group>"; };
		F655B7F01B2962E50025D3BC /* CollectionCell.m */ = {isa = PBXFileReference; fileEncoding = 4; lastKnownFileType = sourcecode.c.objc; path = CollectionCell.m; sourceTree = "<group>"; };
		F655B7F11B2962E50025D3BC /* CollectionCell.xib */ = {isa = PBXFileReference; fileEncoding = 4; lastKnownFileType = file.xib; path = CollectionCell.xib; sourceTree = "<group>"; };
		F655B7F41B296A400025D3BC /* SubscribeNewsListViewController.h */ = {isa = PBXFileReference; fileEncoding = 4; lastKnownFileType = sourcecode.c.h; path = SubscribeNewsListViewController.h; sourceTree = "<group>"; };
		F655B7F51B296A400025D3BC /* SubscribeNewsListViewController.m */ = {isa = PBXFileReference; fileEncoding = 4; lastKnownFileType = sourcecode.c.objc; path = SubscribeNewsListViewController.m; sourceTree = "<group>"; };
		F655B7F71B296B8A0025D3BC /* AddSubscribeList.h */ = {isa = PBXFileReference; fileEncoding = 4; lastKnownFileType = sourcecode.c.h; path = AddSubscribeList.h; sourceTree = "<group>"; };
		F655B7F81B296B8A0025D3BC /* AddSubscribeList.m */ = {isa = PBXFileReference; fileEncoding = 4; lastKnownFileType = sourcecode.c.objc; path = AddSubscribeList.m; sourceTree = "<group>"; };
		F655B7FA1B296BFE0025D3BC /* AddSubscribeCell.h */ = {isa = PBXFileReference; fileEncoding = 4; lastKnownFileType = sourcecode.c.h; path = AddSubscribeCell.h; sourceTree = "<group>"; };
		F655B7FB1B296BFE0025D3BC /* AddSubscribeCell.m */ = {isa = PBXFileReference; fileEncoding = 4; lastKnownFileType = sourcecode.c.objc; path = AddSubscribeCell.m; sourceTree = "<group>"; };
		F655B7FC1B296BFE0025D3BC /* AddSubscribeCell.xib */ = {isa = PBXFileReference; fileEncoding = 4; lastKnownFileType = file.xib; path = AddSubscribeCell.xib; sourceTree = "<group>"; };
		F666FD231B28229D00D03E04 /* MJRefresh.bundle */ = {isa = PBXFileReference; lastKnownFileType = "wrapper.plug-in"; path = MJRefresh.bundle; sourceTree = "<group>"; };
		F666FD241B28229D00D03E04 /* MJRefresh.h */ = {isa = PBXFileReference; fileEncoding = 4; lastKnownFileType = sourcecode.c.h; path = MJRefresh.h; sourceTree = "<group>"; };
		F666FD251B28229D00D03E04 /* MJRefreshBaseView.h */ = {isa = PBXFileReference; fileEncoding = 4; lastKnownFileType = sourcecode.c.h; path = MJRefreshBaseView.h; sourceTree = "<group>"; };
		F666FD261B28229D00D03E04 /* MJRefreshBaseView.m */ = {isa = PBXFileReference; fileEncoding = 4; lastKnownFileType = sourcecode.c.objc; path = MJRefreshBaseView.m; sourceTree = "<group>"; };
		F666FD271B28229D00D03E04 /* MJRefreshConst.h */ = {isa = PBXFileReference; fileEncoding = 4; lastKnownFileType = sourcecode.c.h; path = MJRefreshConst.h; sourceTree = "<group>"; };
		F666FD281B28229D00D03E04 /* MJRefreshConst.m */ = {isa = PBXFileReference; fileEncoding = 4; lastKnownFileType = sourcecode.c.objc; path = MJRefreshConst.m; sourceTree = "<group>"; };
		F666FD291B28229D00D03E04 /* MJRefreshFooterView.h */ = {isa = PBXFileReference; fileEncoding = 4; lastKnownFileType = sourcecode.c.h; path = MJRefreshFooterView.h; sourceTree = "<group>"; };
		F666FD2A1B28229D00D03E04 /* MJRefreshFooterView.m */ = {isa = PBXFileReference; fileEncoding = 4; lastKnownFileType = sourcecode.c.objc; path = MJRefreshFooterView.m; sourceTree = "<group>"; };
		F666FD2B1B28229D00D03E04 /* MJRefreshHeaderView.h */ = {isa = PBXFileReference; fileEncoding = 4; lastKnownFileType = sourcecode.c.h; path = MJRefreshHeaderView.h; sourceTree = "<group>"; };
		F666FD2C1B28229D00D03E04 /* MJRefreshHeaderView.m */ = {isa = PBXFileReference; fileEncoding = 4; lastKnownFileType = sourcecode.c.objc; path = MJRefreshHeaderView.m; sourceTree = "<group>"; };
		F666FD2D1B28229D00D03E04 /* UIScrollView+MJExtension.h */ = {isa = PBXFileReference; fileEncoding = 4; lastKnownFileType = sourcecode.c.h; path = "UIScrollView+MJExtension.h"; sourceTree = "<group>"; };
		F666FD2E1B28229D00D03E04 /* UIScrollView+MJExtension.m */ = {isa = PBXFileReference; fileEncoding = 4; lastKnownFileType = sourcecode.c.objc; path = "UIScrollView+MJExtension.m"; sourceTree = "<group>"; };
		F666FD2F1B28229D00D03E04 /* UIScrollView+MJRefresh.h */ = {isa = PBXFileReference; fileEncoding = 4; lastKnownFileType = sourcecode.c.h; path = "UIScrollView+MJRefresh.h"; sourceTree = "<group>"; };
		F666FD301B28229D00D03E04 /* UIScrollView+MJRefresh.m */ = {isa = PBXFileReference; fileEncoding = 4; lastKnownFileType = sourcecode.c.objc; path = "UIScrollView+MJRefresh.m"; sourceTree = "<group>"; };
		F666FD311B28229D00D03E04 /* UIView+MJExtension.h */ = {isa = PBXFileReference; fileEncoding = 4; lastKnownFileType = sourcecode.c.h; path = "UIView+MJExtension.h"; sourceTree = "<group>"; };
		F666FD321B28229D00D03E04 /* UIView+MJExtension.m */ = {isa = PBXFileReference; fileEncoding = 4; lastKnownFileType = sourcecode.c.objc; path = "UIView+MJExtension.m"; sourceTree = "<group>"; };
		F666FD3B1B282A1500D03E04 /* DetailViewController.h */ = {isa = PBXFileReference; fileEncoding = 4; lastKnownFileType = sourcecode.c.h; path = DetailViewController.h; sourceTree = "<group>"; };
		F666FD3C1B282A1500D03E04 /* DetailViewController.m */ = {isa = PBXFileReference; fileEncoding = 4; lastKnownFileType = sourcecode.c.objc; path = DetailViewController.m; sourceTree = "<group>"; };
		F666FD3E1B284DC200D03E04 /* ReportViewController.h */ = {isa = PBXFileReference; fileEncoding = 4; lastKnownFileType = sourcecode.c.h; path = ReportViewController.h; sourceTree = "<group>"; };
		F666FD3F1B284DC200D03E04 /* ReportViewController.m */ = {isa = PBXFileReference; fileEncoding = 4; lastKnownFileType = sourcecode.c.objc; path = ReportViewController.m; sourceTree = "<group>"; };
		F666FD401B284DC200D03E04 /* ReportViewController.xib */ = {isa = PBXFileReference; fileEncoding = 4; lastKnownFileType = file.xib; path = ReportViewController.xib; sourceTree = "<group>"; };
		F66BFF7C1B2A96FE00ECCFD9 /* btnCheck.png */ = {isa = PBXFileReference; lastKnownFileType = image.png; path = btnCheck.png; sourceTree = "<group>"; };
		F66BFF7D1B2A96FE00ECCFD9 /* btnCheck@2x.png */ = {isa = PBXFileReference; lastKnownFileType = image.png; path = "btnCheck@2x.png"; sourceTree = "<group>"; };
		F66BFF7E1B2A96FE00ECCFD9 /* HUD.h */ = {isa = PBXFileReference; fileEncoding = 4; lastKnownFileType = sourcecode.c.h; path = HUD.h; sourceTree = "<group>"; };
		F66BFF7F1B2A96FE00ECCFD9 /* HUD.m */ = {isa = PBXFileReference; fileEncoding = 4; lastKnownFileType = sourcecode.c.objc; path = HUD.m; sourceTree = "<group>"; };
		F66BFF801B2A96FE00ECCFD9 /* MBProgressHUD.h */ = {isa = PBXFileReference; fileEncoding = 4; lastKnownFileType = sourcecode.c.h; path = MBProgressHUD.h; sourceTree = "<group>"; };
		F66BFF811B2A96FE00ECCFD9 /* MBProgressHUD.m */ = {isa = PBXFileReference; fileEncoding = 4; lastKnownFileType = sourcecode.c.objc; path = MBProgressHUD.m; sourceTree = "<group>"; };
		F66BFF8B1B2AD58100ECCFD9 /* BindTelController.h */ = {isa = PBXFileReference; fileEncoding = 4; lastKnownFileType = sourcecode.c.h; path = BindTelController.h; sourceTree = "<group>"; };
		F66BFF8C1B2AD58100ECCFD9 /* BindTelController.m */ = {isa = PBXFileReference; fileEncoding = 4; lastKnownFileType = sourcecode.c.objc; path = BindTelController.m; sourceTree = "<group>"; };
		F66BFF8D1B2AD58100ECCFD9 /* BindTelController.xib */ = {isa = PBXFileReference; fileEncoding = 4; lastKnownFileType = file.xib; path = BindTelController.xib; sourceTree = "<group>"; };
		F671CEAB1B259A230031C51D /* bahaomi.app */ = {isa = PBXFileReference; explicitFileType = wrapper.application; includeInIndex = 0; path = bahaomi.app; sourceTree = BUILT_PRODUCTS_DIR; };
		F671CEAF1B259A230031C51D /* Info.plist */ = {isa = PBXFileReference; lastKnownFileType = text.plist.xml; path = Info.plist; sourceTree = "<group>"; };
		F671CEB01B259A230031C51D /* main.m */ = {isa = PBXFileReference; lastKnownFileType = sourcecode.c.objc; path = main.m; sourceTree = "<group>"; };
		F671CEB21B259A230031C51D /* AppDelegate.h */ = {isa = PBXFileReference; lastKnownFileType = sourcecode.c.h; path = AppDelegate.h; sourceTree = "<group>"; };
		F671CEB31B259A230031C51D /* AppDelegate.m */ = {isa = PBXFileReference; lastKnownFileType = sourcecode.c.objc; path = AppDelegate.m; sourceTree = "<group>"; };
		F671CEB51B259A230031C51D /* Images.xcassets */ = {isa = PBXFileReference; lastKnownFileType = folder.assetcatalog; path = Images.xcassets; sourceTree = "<group>"; };
		F671CEB81B259A230031C51D /* Base */ = {isa = PBXFileReference; lastKnownFileType = file.xib; name = Base; path = Base.lproj/LaunchScreen.xib; sourceTree = "<group>"; };
		F671CEBE1B259A230031C51D /* bahaomiTests.xctest */ = {isa = PBXFileReference; explicitFileType = wrapper.cfbundle; includeInIndex = 0; path = bahaomiTests.xctest; sourceTree = BUILT_PRODUCTS_DIR; };
		F671CEC31B259A230031C51D /* Info.plist */ = {isa = PBXFileReference; lastKnownFileType = text.plist.xml; path = Info.plist; sourceTree = "<group>"; };
		F671CEC41B259A230031C51D /* bahaomiTests.m */ = {isa = PBXFileReference; lastKnownFileType = sourcecode.c.objc; path = bahaomiTests.m; sourceTree = "<group>"; };
		F671CF271B259C3C0031C51D /* AFHTTPRequestOperation.h */ = {isa = PBXFileReference; fileEncoding = 4; lastKnownFileType = sourcecode.c.h; path = AFHTTPRequestOperation.h; sourceTree = "<group>"; };
		F671CF281B259C3C0031C51D /* AFHTTPRequestOperation.m */ = {isa = PBXFileReference; fileEncoding = 4; lastKnownFileType = sourcecode.c.objc; path = AFHTTPRequestOperation.m; sourceTree = "<group>"; };
		F671CF291B259C3C0031C51D /* AFHTTPRequestOperationManager.h */ = {isa = PBXFileReference; fileEncoding = 4; lastKnownFileType = sourcecode.c.h; path = AFHTTPRequestOperationManager.h; sourceTree = "<group>"; };
		F671CF2A1B259C3C0031C51D /* AFHTTPRequestOperationManager.m */ = {isa = PBXFileReference; fileEncoding = 4; lastKnownFileType = sourcecode.c.objc; path = AFHTTPRequestOperationManager.m; sourceTree = "<group>"; };
		F671CF2B1B259C3C0031C51D /* AFHTTPSessionManager.h */ = {isa = PBXFileReference; fileEncoding = 4; lastKnownFileType = sourcecode.c.h; path = AFHTTPSessionManager.h; sourceTree = "<group>"; };
		F671CF2C1B259C3C0031C51D /* AFHTTPSessionManager.m */ = {isa = PBXFileReference; fileEncoding = 4; lastKnownFileType = sourcecode.c.objc; path = AFHTTPSessionManager.m; sourceTree = "<group>"; };
		F671CF2D1B259C3C0031C51D /* AFNetworking.h */ = {isa = PBXFileReference; fileEncoding = 4; lastKnownFileType = sourcecode.c.h; path = AFNetworking.h; sourceTree = "<group>"; };
		F671CF2E1B259C3C0031C51D /* AFNetworkReachabilityManager.h */ = {isa = PBXFileReference; fileEncoding = 4; lastKnownFileType = sourcecode.c.h; path = AFNetworkReachabilityManager.h; sourceTree = "<group>"; };
		F671CF2F1B259C3C0031C51D /* AFNetworkReachabilityManager.m */ = {isa = PBXFileReference; fileEncoding = 4; lastKnownFileType = sourcecode.c.objc; path = AFNetworkReachabilityManager.m; sourceTree = "<group>"; };
		F671CF301B259C3C0031C51D /* AFSecurityPolicy.h */ = {isa = PBXFileReference; fileEncoding = 4; lastKnownFileType = sourcecode.c.h; path = AFSecurityPolicy.h; sourceTree = "<group>"; };
		F671CF311B259C3C0031C51D /* AFSecurityPolicy.m */ = {isa = PBXFileReference; fileEncoding = 4; lastKnownFileType = sourcecode.c.objc; path = AFSecurityPolicy.m; sourceTree = "<group>"; };
		F671CF321B259C3C0031C51D /* AFURLConnectionOperation.h */ = {isa = PBXFileReference; fileEncoding = 4; lastKnownFileType = sourcecode.c.h; path = AFURLConnectionOperation.h; sourceTree = "<group>"; };
		F671CF331B259C3C0031C51D /* AFURLConnectionOperation.m */ = {isa = PBXFileReference; fileEncoding = 4; lastKnownFileType = sourcecode.c.objc; path = AFURLConnectionOperation.m; sourceTree = "<group>"; };
		F671CF341B259C3C0031C51D /* AFURLRequestSerialization.h */ = {isa = PBXFileReference; fileEncoding = 4; lastKnownFileType = sourcecode.c.h; path = AFURLRequestSerialization.h; sourceTree = "<group>"; };
		F671CF351B259C3C0031C51D /* AFURLRequestSerialization.m */ = {isa = PBXFileReference; fileEncoding = 4; lastKnownFileType = sourcecode.c.objc; path = AFURLRequestSerialization.m; sourceTree = "<group>"; };
		F671CF361B259C3C0031C51D /* AFURLResponseSerialization.h */ = {isa = PBXFileReference; fileEncoding = 4; lastKnownFileType = sourcecode.c.h; path = AFURLResponseSerialization.h; sourceTree = "<group>"; };
		F671CF371B259C3C0031C51D /* AFURLResponseSerialization.m */ = {isa = PBXFileReference; fileEncoding = 4; lastKnownFileType = sourcecode.c.objc; path = AFURLResponseSerialization.m; sourceTree = "<group>"; };
		F671CF381B259C3C0031C51D /* AFURLSessionManager.h */ = {isa = PBXFileReference; fileEncoding = 4; lastKnownFileType = sourcecode.c.h; path = AFURLSessionManager.h; sourceTree = "<group>"; };
		F671CF391B259C3C0031C51D /* AFURLSessionManager.m */ = {isa = PBXFileReference; fileEncoding = 4; lastKnownFileType = sourcecode.c.objc; path = AFURLSessionManager.m; sourceTree = "<group>"; };
		F671CF3A1B259C3C0031C51D /* LICENSE */ = {isa = PBXFileReference; fileEncoding = 4; lastKnownFileType = text; path = LICENSE; sourceTree = "<group>"; };
		F671CF3B1B259C3C0031C51D /* README.md */ = {isa = PBXFileReference; fileEncoding = 4; lastKnownFileType = net.daringfireball.markdown; path = README.md; sourceTree = "<group>"; };
		F671CF3D1B259C3C0031C51D /* AFNetworkActivityIndicatorManager.h */ = {isa = PBXFileReference; fileEncoding = 4; lastKnownFileType = sourcecode.c.h; path = AFNetworkActivityIndicatorManager.h; sourceTree = "<group>"; };
		F671CF3E1B259C3C0031C51D /* AFNetworkActivityIndicatorManager.m */ = {isa = PBXFileReference; fileEncoding = 4; lastKnownFileType = sourcecode.c.objc; path = AFNetworkActivityIndicatorManager.m; sourceTree = "<group>"; };
		F671CF3F1B259C3C0031C51D /* UIActivityIndicatorView+AFNetworking.h */ = {isa = PBXFileReference; fileEncoding = 4; lastKnownFileType = sourcecode.c.h; path = "UIActivityIndicatorView+AFNetworking.h"; sourceTree = "<group>"; };
		F671CF401B259C3C0031C51D /* UIActivityIndicatorView+AFNetworking.m */ = {isa = PBXFileReference; fileEncoding = 4; lastKnownFileType = sourcecode.c.objc; path = "UIActivityIndicatorView+AFNetworking.m"; sourceTree = "<group>"; };
		F671CF411B259C3C0031C51D /* UIAlertView+AFNetworking.h */ = {isa = PBXFileReference; fileEncoding = 4; lastKnownFileType = sourcecode.c.h; path = "UIAlertView+AFNetworking.h"; sourceTree = "<group>"; };
		F671CF421B259C3C0031C51D /* UIAlertView+AFNetworking.m */ = {isa = PBXFileReference; fileEncoding = 4; lastKnownFileType = sourcecode.c.objc; path = "UIAlertView+AFNetworking.m"; sourceTree = "<group>"; };
		F671CF431B259C3C0031C51D /* UIButton+AFNetworking.h */ = {isa = PBXFileReference; fileEncoding = 4; lastKnownFileType = sourcecode.c.h; path = "UIButton+AFNetworking.h"; sourceTree = "<group>"; };
		F671CF441B259C3C0031C51D /* UIButton+AFNetworking.m */ = {isa = PBXFileReference; fileEncoding = 4; lastKnownFileType = sourcecode.c.objc; path = "UIButton+AFNetworking.m"; sourceTree = "<group>"; };
		F671CF451B259C3C0031C51D /* UIImageView+AFNetworking.h */ = {isa = PBXFileReference; fileEncoding = 4; lastKnownFileType = sourcecode.c.h; path = "UIImageView+AFNetworking.h"; sourceTree = "<group>"; };
		F671CF461B259C3C0031C51D /* UIImageView+AFNetworking.m */ = {isa = PBXFileReference; fileEncoding = 4; lastKnownFileType = sourcecode.c.objc; path = "UIImageView+AFNetworking.m"; sourceTree = "<group>"; };
		F671CF471B259C3C0031C51D /* UIKit+AFNetworking.h */ = {isa = PBXFileReference; fileEncoding = 4; lastKnownFileType = sourcecode.c.h; path = "UIKit+AFNetworking.h"; sourceTree = "<group>"; };
		F671CF481B259C3C0031C51D /* UIProgressView+AFNetworking.h */ = {isa = PBXFileReference; fileEncoding = 4; lastKnownFileType = sourcecode.c.h; path = "UIProgressView+AFNetworking.h"; sourceTree = "<group>"; };
		F671CF491B259C3C0031C51D /* UIProgressView+AFNetworking.m */ = {isa = PBXFileReference; fileEncoding = 4; lastKnownFileType = sourcecode.c.objc; path = "UIProgressView+AFNetworking.m"; sourceTree = "<group>"; };
		F671CF4A1B259C3C0031C51D /* UIRefreshControl+AFNetworking.h */ = {isa = PBXFileReference; fileEncoding = 4; lastKnownFileType = sourcecode.c.h; path = "UIRefreshControl+AFNetworking.h"; sourceTree = "<group>"; };
		F671CF4B1B259C3C0031C51D /* UIRefreshControl+AFNetworking.m */ = {isa = PBXFileReference; fileEncoding = 4; lastKnownFileType = sourcecode.c.objc; path = "UIRefreshControl+AFNetworking.m"; sourceTree = "<group>"; };
		F671CF4C1B259C3C0031C51D /* UIWebView+AFNetworking.h */ = {isa = PBXFileReference; fileEncoding = 4; lastKnownFileType = sourcecode.c.h; path = "UIWebView+AFNetworking.h"; sourceTree = "<group>"; };
		F671CF4D1B259C3C0031C51D /* UIWebView+AFNetworking.m */ = {isa = PBXFileReference; fileEncoding = 4; lastKnownFileType = sourcecode.c.objc; path = "UIWebView+AFNetworking.m"; sourceTree = "<group>"; };
		F671CF7B1B259F550031C51D /* libWeChatSDK.a */ = {isa = PBXFileReference; lastKnownFileType = archive.ar; path = libWeChatSDK.a; sourceTree = "<group>"; };
		F671CF7C1B259F550031C51D /* WXApi.h */ = {isa = PBXFileReference; fileEncoding = 4; lastKnownFileType = sourcecode.c.h; path = WXApi.h; sourceTree = "<group>"; };
		F671CF7D1B259F550031C51D /* WXApiObject.h */ = {isa = PBXFileReference; fileEncoding = 4; lastKnownFileType = sourcecode.c.h; path = WXApiObject.h; sourceTree = "<group>"; };
		F671CF7F1B259F550031C51D /* libWeiboSDK.a */ = {isa = PBXFileReference; lastKnownFileType = archive.ar; path = libWeiboSDK.a; sourceTree = "<group>"; };
		F671CF801B259F550031C51D /* WBHttpRequest+WeiboShare.h */ = {isa = PBXFileReference; fileEncoding = 4; lastKnownFileType = sourcecode.c.h; path = "WBHttpRequest+WeiboShare.h"; sourceTree = "<group>"; };
		F671CF811B259F550031C51D /* WBHttpRequest+WeiboToken.h */ = {isa = PBXFileReference; fileEncoding = 4; lastKnownFileType = sourcecode.c.h; path = "WBHttpRequest+WeiboToken.h"; sourceTree = "<group>"; };
		F671CF821B259F550031C51D /* WBHttpRequest+WeiboUser.h */ = {isa = PBXFileReference; fileEncoding = 4; lastKnownFileType = sourcecode.c.h; path = "WBHttpRequest+WeiboUser.h"; sourceTree = "<group>"; };
		F671CF831B259F550031C51D /* WBHttpRequest.h */ = {isa = PBXFileReference; fileEncoding = 4; lastKnownFileType = sourcecode.c.h; path = WBHttpRequest.h; sourceTree = "<group>"; };
		F671CF841B259F550031C51D /* WBSDKBasicButton.h */ = {isa = PBXFileReference; fileEncoding = 4; lastKnownFileType = sourcecode.c.h; path = WBSDKBasicButton.h; sourceTree = "<group>"; };
		F671CF851B259F550031C51D /* WBSDKCommentButton.h */ = {isa = PBXFileReference; fileEncoding = 4; lastKnownFileType = sourcecode.c.h; path = WBSDKCommentButton.h; sourceTree = "<group>"; };
		F671CF861B259F550031C51D /* WBSDKRelationshipButton.h */ = {isa = PBXFileReference; fileEncoding = 4; lastKnownFileType = sourcecode.c.h; path = WBSDKRelationshipButton.h; sourceTree = "<group>"; };
		F671CF871B259F550031C51D /* WeiboSDK.bundle */ = {isa = PBXFileReference; lastKnownFileType = "wrapper.plug-in"; path = WeiboSDK.bundle; sourceTree = "<group>"; };
		F671CF881B259F550031C51D /* WeiboSDK.h */ = {isa = PBXFileReference; fileEncoding = 4; lastKnownFileType = sourcecode.c.h; path = WeiboSDK.h; sourceTree = "<group>"; };
		F671CF891B259F550031C51D /* WeiboUser.h */ = {isa = PBXFileReference; fileEncoding = 4; lastKnownFileType = sourcecode.c.h; path = WeiboUser.h; sourceTree = "<group>"; };
		F671CF8E1B25A22D0031C51D /* SGActionView.h */ = {isa = PBXFileReference; fileEncoding = 4; lastKnownFileType = sourcecode.c.h; path = SGActionView.h; sourceTree = "<group>"; };
		F671CF8F1B25A22D0031C51D /* SGActionView.m */ = {isa = PBXFileReference; fileEncoding = 4; lastKnownFileType = sourcecode.c.objc; path = SGActionView.m; sourceTree = "<group>"; };
		F671CF901B25A22D0031C51D /* SGAlertMenu.h */ = {isa = PBXFileReference; fileEncoding = 4; lastKnownFileType = sourcecode.c.h; path = SGAlertMenu.h; sourceTree = "<group>"; };
		F671CF911B25A22D0031C51D /* SGAlertMenu.m */ = {isa = PBXFileReference; fileEncoding = 4; lastKnownFileType = sourcecode.c.objc; path = SGAlertMenu.m; sourceTree = "<group>"; };
		F671CF921B25A22D0031C51D /* SGBaseMenu.h */ = {isa = PBXFileReference; fileEncoding = 4; lastKnownFileType = sourcecode.c.h; path = SGBaseMenu.h; sourceTree = "<group>"; };
		F671CF931B25A22D0031C51D /* SGBaseMenu.m */ = {isa = PBXFileReference; fileEncoding = 4; lastKnownFileType = sourcecode.c.objc; path = SGBaseMenu.m; sourceTree = "<group>"; };
		F671CF941B25A22D0031C51D /* SGGridMenu.h */ = {isa = PBXFileReference; fileEncoding = 4; lastKnownFileType = sourcecode.c.h; path = SGGridMenu.h; sourceTree = "<group>"; };
		F671CF951B25A22D0031C51D /* SGGridMenu.m */ = {isa = PBXFileReference; fileEncoding = 4; lastKnownFileType = sourcecode.c.objc; path = SGGridMenu.m; sourceTree = "<group>"; };
		F671CF961B25A22D0031C51D /* SGSheetMenu.h */ = {isa = PBXFileReference; fileEncoding = 4; lastKnownFileType = sourcecode.c.h; path = SGSheetMenu.h; sourceTree = "<group>"; };
		F671CF971B25A22D0031C51D /* SGSheetMenu.m */ = {isa = PBXFileReference; fileEncoding = 4; lastKnownFileType = sourcecode.c.objc; path = SGSheetMenu.m; sourceTree = "<group>"; };
/* End PBXFileReference section */

/* Begin PBXFrameworksBuildPhase section */
		F671CEA81B259A230031C51D /* Frameworks */ = {
			isa = PBXFrameworksBuildPhase;
			buildActionMask = 2147483647;
			files = (
				D3E45B5E1B25D97000676882 /* libz.dylib in Frameworks */,
				D3E45B5C1B25D96600676882 /* SystemConfiguration.framework in Frameworks */,
				D3E45B5A1B25D95E00676882 /* MobileCoreServices.framework in Frameworks */,
				D3E45B581B25D95200676882 /* CoreTelephony.framework in Frameworks */,
				D3E45B561B25D94400676882 /* CoreLocation.framework in Frameworks */,
				D3E45B541B25D93C00676882 /* libicucore.dylib in Frameworks */,
				D3E45B521B25D92D00676882 /* libc++.dylib in Frameworks */,
				D3E45B501B25D92000676882 /* libsqlite3.0.dylib in Frameworks */,
				D3E45B4E1B25D91900676882 /* CoreGraphics.framework in Frameworks */,
				D3E45B4C1B25D91100676882 /* UIKit.framework in Frameworks */,
				D3E45B4A1B25D90900676882 /* ImageIO.framework in Frameworks */,
				D3E45B481B25D90200676882 /* QuartzCore.framework in Frameworks */,
				D3E45B461B25D8FB00676882 /* Security.framework in Frameworks */,
				D3E45B441B25D8F500676882 /* CoreText.framework in Frameworks */,
				D3E45B421B25D8EB00676882 /* Foundation.framework in Frameworks */,
				F671CF8A1B259F550031C51D /* libWeChatSDK.a in Frameworks */,
				F671CF8B1B259F550031C51D /* libWeiboSDK.a in Frameworks */,
			);
			runOnlyForDeploymentPostprocessing = 0;
		};
		F671CEBB1B259A230031C51D /* Frameworks */ = {
			isa = PBXFrameworksBuildPhase;
			buildActionMask = 2147483647;
			files = (
			);
			runOnlyForDeploymentPostprocessing = 0;
		};
/* End PBXFrameworksBuildPhase section */

/* Begin PBXGroup section */
		D3E45B391B25D7C700676882 /* Utils */ = {
			isa = PBXGroup;
			children = (
				D3E45B3A1B25D7C700676882 /* Info.h */,
				D3E45B3B1B25D7C700676882 /* NetworkUtil.h */,
				D3E45B3C1B25D7C700676882 /* NetworkUtil.m */,
				D3E45B3D1B25D7C700676882 /* Util.h */,
				D3E45B3E1B25D7C700676882 /* Util.m */,
				D3E45B711B25DFAF00676882 /* DBUtil.h */,
				D3E45B721B25DFAF00676882 /* DBUtil.m */,
				D3E45B851B25EE3700676882 /* Message.h */,
			);
			path = Utils;
			sourceTree = "<group>";
		};
		D3E45B5F1B25D9A900676882 /* frameworks */ = {
			isa = PBXGroup;
			children = (
				D3E45B5D1B25D97000676882 /* libz.dylib */,
				D3E45B5B1B25D96600676882 /* SystemConfiguration.framework */,
				D3E45B591B25D95E00676882 /* MobileCoreServices.framework */,
				D3E45B571B25D95200676882 /* CoreTelephony.framework */,
				D3E45B551B25D94400676882 /* CoreLocation.framework */,
				D3E45B531B25D93C00676882 /* libicucore.dylib */,
				D3E45B511B25D92D00676882 /* libc++.dylib */,
				D3E45B4F1B25D92000676882 /* libsqlite3.0.dylib */,
				D3E45B4D1B25D91900676882 /* CoreGraphics.framework */,
				D3E45B4B1B25D91100676882 /* UIKit.framework */,
				D3E45B491B25D90900676882 /* ImageIO.framework */,
				D3E45B471B25D90200676882 /* QuartzCore.framework */,
				D3E45B451B25D8FB00676882 /* Security.framework */,
				D3E45B431B25D8F500676882 /* CoreText.framework */,
				D3E45B411B25D8EB00676882 /* Foundation.framework */,
			);
			name = frameworks;
			sourceTree = "<group>";
		};
		D3E45B601B25DCC400676882 /* fmdb */ = {
			isa = PBXGroup;
			children = (
				D3E45B611B25DCC400676882 /* FMDatabase.h */,
				D3E45B621B25DCC400676882 /* FMDatabase.m */,
				D3E45B631B25DCC400676882 /* FMDatabaseAdditions.h */,
				D3E45B641B25DCC400676882 /* FMDatabaseAdditions.m */,
				D3E45B651B25DCC400676882 /* FMDatabasePool.h */,
				D3E45B661B25DCC400676882 /* FMDatabasePool.m */,
				D3E45B671B25DCC400676882 /* FMDatabaseQueue.h */,
				D3E45B681B25DCC400676882 /* FMDatabaseQueue.m */,
				D3E45B691B25DCC400676882 /* FMDB.h */,
				D3E45B6A1B25DCC400676882 /* FMResultSet.h */,
				D3E45B6B1B25DCC400676882 /* FMResultSet.m */,
			);
			path = fmdb;
			sourceTree = "<group>";
		};
		D3E45B741B25E77E00676882 /* MainUI */ = {
			isa = PBXGroup;
			children = (
				F655B7E61B2931270025D3BC /* Subscribe */,
				D3E4D4D31B275C1900BF2942 /* Index */,
				D3E4D4D11B275BFE00BF2942 /* Event */,
				D3E4D4CA1B27541300BF2942 /* My */,
				D3E45B8C1B2664EF00676882 /* Component */,
				D3E45B861B25EEE800676882 /* LoginSubViews */,
				D3E45B781B25E83500676882 /* MainTabSubViews */,
				D3E45B751B25E7AD00676882 /* MainTabBarControllerViewController.h */,
				D3E45B761B25E7AD00676882 /* MainTabBarControllerViewController.m */,
			);
			path = MainUI;
			sourceTree = "<group>";
		};
		D3E45B781B25E83500676882 /* MainTabSubViews */ = {
			isa = PBXGroup;
			children = (
				D3E45B791B25E8E400676882 /* MyRootViewController.h */,
				D3E45B7A1B25E8E400676882 /* MyRootViewController.m */,
				D3E45B7C1B25E8FC00676882 /* IndexRootViewController.h */,
				D3E45B7D1B25E8FC00676882 /* IndexRootViewController.m */,
				D3E45B7F1B25E92100676882 /* SubscribeRootViewController.h */,
				D3E45B801B25E92100676882 /* SubscribeRootViewController.m */,
				D3E45B821B25E93000676882 /* EventRootViewController.h */,
				D3E45B831B25E93000676882 /* EventRootViewController.m */,
			);
			path = MainTabSubViews;
			sourceTree = "<group>";
		};
		D3E45B861B25EEE800676882 /* LoginSubViews */ = {
			isa = PBXGroup;
			children = (
				D3E45B871B25EF1B00676882 /* LoginRootViewController.h */,
				D3E45B881B25EF1B00676882 /* LoginRootViewController.m */,
				D3E45B891B25EF1B00676882 /* LoginRootViewController.xib */,
				D3E45B901B26665400676882 /* TelLoginViewController.h */,
				D3E45B911B26665400676882 /* TelLoginViewController.m */,
				D3E45B921B26665400676882 /* TelLoginViewController.xib */,
				D3E45B951B26789C00676882 /* RegTelViewController.h */,
				D3E45B961B26789C00676882 /* RegTelViewController.m */,
				D3E45B971B26789C00676882 /* RegTelViewController.xib */,
				D3E45B9A1B267CBE00676882 /* RegPwdViewController.h */,
				D3E45B9B1B267CBE00676882 /* RegPwdViewController.m */,
				D3E45B9C1B267CBE00676882 /* RegPwdViewController.xib */,
			);
			path = LoginSubViews;
			sourceTree = "<group>";
		};
		D3E45B8C1B2664EF00676882 /* Component */ = {
			isa = PBXGroup;
			children = (
				F655B7FA1B296BFE0025D3BC /* AddSubscribeCell.h */,
				F655B7FB1B296BFE0025D3BC /* AddSubscribeCell.m */,
				F655B7FC1B296BFE0025D3BC /* AddSubscribeCell.xib */,
				F655B7EF1B2962E50025D3BC /* CollectionCell.h */,
				F655B7F01B2962E50025D3BC /* CollectionCell.m */,
				F655B7F11B2962E50025D3BC /* CollectionCell.xib */,
				F666FD3B1B282A1500D03E04 /* DetailViewController.h */,
				F666FD3C1B282A1500D03E04 /* DetailViewController.m */,
				D3E45B8D1B26652300676882 /* BHM_TextField.h */,
				D3E45B8E1B26652300676882 /* BHM_TextField.m */,
				D3E4D4E91B276BC900BF2942 /* LargeCell.h */,
				D3E4D4EA1B276BC900BF2942 /* LargeCell.m */,
				D3E4D4EB1B276BC900BF2942 /* LargeCell.xib */,
				D3E4D4EE1B276BDF00BF2942 /* SmallCell.h */,
				D3E4D4EF1B276BDF00BF2942 /* SmallCell.m */,
				D3E4D4F01B276BDF00BF2942 /* SmallCell.xib */,
				F666FD3E1B284DC200D03E04 /* ReportViewController.h */,
				F666FD3F1B284DC200D03E04 /* ReportViewController.m */,
				F666FD401B284DC200D03E04 /* ReportViewController.xib */,
				D3D24B1E1B2A01900061F641 /* EventDetailViewController.h */,
				D3D24B1F1B2A01900061F641 /* EventDetailViewController.m */,
			);
			path = Component;
			sourceTree = "<group>";
		};
		D3E4BC001B28B55800113323 /* ALAlertBanner */ = {
			isa = PBXGroup;
			children = (
				D3E4BC011B28B55800113323 /* ALAlertBanner+Private.h */,
				D3E4BC021B28B55800113323 /* ALAlertBanner.h */,
				D3E4BC031B28B55800113323 /* ALAlertBanner.m */,
				D3E4BC041B28B55800113323 /* ALAlertBannerManager.h */,
				D3E4BC051B28B55800113323 /* ALAlertBannerManager.m */,
				D3E4BC061B28B55800113323 /* Images */,
			);
			path = ALAlertBanner;
			sourceTree = "<group>";
		};
		D3E4BC061B28B55800113323 /* Images */ = {
			isa = PBXGroup;
			children = (
				D3E4BC071B28B55800113323 /* bannerAlert.png */,
				D3E4BC081B28B55800113323 /* bannerAlert@2x.png */,
				D3E4BC091B28B55800113323 /* bannerFailure.png */,
				D3E4BC0A1B28B55800113323 /* bannerFailure@2x.png */,
				D3E4BC0B1B28B55800113323 /* bannerNotify.png */,
				D3E4BC0C1B28B55800113323 /* bannerNotify@2x.png */,
				D3E4BC0D1B28B55800113323 /* bannerSuccess.png */,
				D3E4BC0E1B28B55800113323 /* bannerSuccess@2x.png */,
			);
			path = Images;
			sourceTree = "<group>";
		};
		D3E4D4CA1B27541300BF2942 /* My */ = {
			isa = PBXGroup;
			children = (
				D3E4D4CE1B27585500BF2942 /* MySettingsViewController.h */,
				D3E4D4CF1B27585500BF2942 /* MySettingsViewController.m */,
				D3E4D4CB1B27543C00BF2942 /* MyMainViewController.h */,
				D3E4D4CC1B27543C00BF2942 /* MyMainViewController.m */,
				F66BFF8B1B2AD58100ECCFD9 /* BindTelController.h */,
				F66BFF8C1B2AD58100ECCFD9 /* BindTelController.m */,
				F66BFF8D1B2AD58100ECCFD9 /* BindTelController.xib */,
			);
			path = My;
			sourceTree = "<group>";
		};
		D3E4D4D11B275BFE00BF2942 /* Event */ = {
			isa = PBXGroup;
			children = (
				D3D24B181B29FE640061F641 /* EventEndedListController.h */,
				D3D24B191B29FE640061F641 /* EventEndedListController.m */,
				D3D24B1A1B29FE640061F641 /* EventStartedListController.h */,
				D3D24B1B1B29FE640061F641 /* EventStartedListController.m */,
			);
			path = Event;
			sourceTree = "<group>";
		};
		D3E4D4D31B275C1900BF2942 /* Index */ = {
			isa = PBXGroup;
			children = (
				D3E4D4D71B275D3A00BF2942 /* NewsListViewController.h */,
				D3E4D4D81B275D3A00BF2942 /* NewsListViewController.m */,
				D3E4D4DA1B275D5C00BF2942 /* DynamicListViewController.h */,
				D3E4D4DB1B275D5C00BF2942 /* DynamicListViewController.m */,
				D3E4D4E41B2764DA00BF2942 /* ViewPageController.h */,
				D3E4D4E51B2764DA00BF2942 /* ViewPageController.m */,
				D3E4D4E61B2764DA00BF2942 /* ViewPageController.xib */,
			);
			path = Index;
			sourceTree = "<group>";
		};
		F655B7E61B2931270025D3BC /* Subscribe */ = {
			isa = PBXGroup;
			children = (
				F655B7F71B296B8A0025D3BC /* AddSubscribeList.h */,
				F655B7F81B296B8A0025D3BC /* AddSubscribeList.m */,
				F655B7F41B296A400025D3BC /* SubscribeNewsListViewController.h */,
				F655B7F51B296A400025D3BC /* SubscribeNewsListViewController.m */,
				F655B7EC1B2941DE0025D3BC /* SubscribeCollectionController.h */,
				F655B7ED1B2941DE0025D3BC /* SubscribeCollectionController.m */,
			);
			path = Subscribe;
			sourceTree = "<group>";
		};
		F666FD221B28229D00D03E04 /* MJRefresh */ = {
			isa = PBXGroup;
			children = (
				F666FD231B28229D00D03E04 /* MJRefresh.bundle */,
				F666FD241B28229D00D03E04 /* MJRefresh.h */,
				F666FD251B28229D00D03E04 /* MJRefreshBaseView.h */,
				F666FD261B28229D00D03E04 /* MJRefreshBaseView.m */,
				F666FD271B28229D00D03E04 /* MJRefreshConst.h */,
				F666FD281B28229D00D03E04 /* MJRefreshConst.m */,
				F666FD291B28229D00D03E04 /* MJRefreshFooterView.h */,
				F666FD2A1B28229D00D03E04 /* MJRefreshFooterView.m */,
				F666FD2B1B28229D00D03E04 /* MJRefreshHeaderView.h */,
				F666FD2C1B28229D00D03E04 /* MJRefreshHeaderView.m */,
				F666FD2D1B28229D00D03E04 /* UIScrollView+MJExtension.h */,
				F666FD2E1B28229D00D03E04 /* UIScrollView+MJExtension.m */,
				F666FD2F1B28229D00D03E04 /* UIScrollView+MJRefresh.h */,
				F666FD301B28229D00D03E04 /* UIScrollView+MJRefresh.m */,
				F666FD311B28229D00D03E04 /* UIView+MJExtension.h */,
				F666FD321B28229D00D03E04 /* UIView+MJExtension.m */,
			);
			path = MJRefresh;
			sourceTree = "<group>";
		};
		F66BFF7B1B2A96FE00ECCFD9 /* HUD */ = {
			isa = PBXGroup;
			children = (
				F66BFF7C1B2A96FE00ECCFD9 /* btnCheck.png */,
				F66BFF7D1B2A96FE00ECCFD9 /* btnCheck@2x.png */,
				F66BFF7E1B2A96FE00ECCFD9 /* HUD.h */,
				F66BFF7F1B2A96FE00ECCFD9 /* HUD.m */,
				F66BFF801B2A96FE00ECCFD9 /* MBProgressHUD.h */,
				F66BFF811B2A96FE00ECCFD9 /* MBProgressHUD.m */,
			);
			path = HUD;
			sourceTree = "<group>";
		};
		F671CEA21B259A230031C51D = {
			isa = PBXGroup;
			children = (
				D3E45B5F1B25D9A900676882 /* frameworks */,
				F671CEAD1B259A230031C51D /* bahaomi */,
				F671CEC11B259A230031C51D /* bahaomiTests */,
				F671CEAC1B259A230031C51D /* Products */,
			);
			sourceTree = "<group>";
		};
		F671CEAC1B259A230031C51D /* Products */ = {
			isa = PBXGroup;
			children = (
				F671CEAB1B259A230031C51D /* bahaomi.app */,
				F671CEBE1B259A230031C51D /* bahaomiTests.xctest */,
			);
			name = Products;
			sourceTree = "<group>";
		};
		F671CEAD1B259A230031C51D /* bahaomi */ = {
			isa = PBXGroup;
			children = (
				D3E45B741B25E77E00676882 /* MainUI */,
				D3E45B391B25D7C700676882 /* Utils */,
				F671CF241B259C3C0031C51D /* third */,
				F671CEB21B259A230031C51D /* AppDelegate.h */,
				F671CEB31B259A230031C51D /* AppDelegate.m */,
				F671CEB51B259A230031C51D /* Images.xcassets */,
				F671CEB71B259A230031C51D /* LaunchScreen.xib */,
				F671CEAE1B259A230031C51D /* Supporting Files */,
			);
			path = bahaomi;
			sourceTree = "<group>";
		};
		F671CEAE1B259A230031C51D /* Supporting Files */ = {
			isa = PBXGroup;
			children = (
				F671CEAF1B259A230031C51D /* Info.plist */,
				F671CEB01B259A230031C51D /* main.m */,
			);
			name = "Supporting Files";
			sourceTree = "<group>";
		};
		F671CEC11B259A230031C51D /* bahaomiTests */ = {
			isa = PBXGroup;
			children = (
				F671CEC41B259A230031C51D /* bahaomiTests.m */,
				F671CEC21B259A230031C51D /* Supporting Files */,
			);
			path = bahaomiTests;
			sourceTree = "<group>";
		};
		F671CEC21B259A230031C51D /* Supporting Files */ = {
			isa = PBXGroup;
			children = (
				F671CEC31B259A230031C51D /* Info.plist */,
			);
			name = "Supporting Files";
			sourceTree = "<group>";
		};
		F671CF241B259C3C0031C51D /* third */ = {
			isa = PBXGroup;
			children = (
				F66BFF7B1B2A96FE00ECCFD9 /* HUD */,
				D3E4BC001B28B55800113323 /* ALAlertBanner */,
				F666FD221B28229D00D03E04 /* MJRefresh */,
				D3E45B601B25DCC400676882 /* fmdb */,
				F671CF8D1B25A22D0031C51D /* SGActionView */,
				F671CF7A1B259F550031C51D /* WeChatSDK */,
				F671CF7E1B259F550031C51D /* WeiboSDK */,
				F671CF251B259C3C0031C51D /* AFNetworking */,
			);
			path = third;
			sourceTree = "<group>";
		};
		F671CF251B259C3C0031C51D /* AFNetworking */ = {
			isa = PBXGroup;
			children = (
				F671CF261B259C3C0031C51D /* AFNetworking */,
				F671CF3A1B259C3C0031C51D /* LICENSE */,
				F671CF3B1B259C3C0031C51D /* README.md */,
				F671CF3C1B259C3C0031C51D /* UIKit+AFNetworking */,
			);
			path = AFNetworking;
			sourceTree = "<group>";
		};
		F671CF261B259C3C0031C51D /* AFNetworking */ = {
			isa = PBXGroup;
			children = (
				F671CF271B259C3C0031C51D /* AFHTTPRequestOperation.h */,
				F671CF281B259C3C0031C51D /* AFHTTPRequestOperation.m */,
				F671CF291B259C3C0031C51D /* AFHTTPRequestOperationManager.h */,
				F671CF2A1B259C3C0031C51D /* AFHTTPRequestOperationManager.m */,
				F671CF2B1B259C3C0031C51D /* AFHTTPSessionManager.h */,
				F671CF2C1B259C3C0031C51D /* AFHTTPSessionManager.m */,
				F671CF2D1B259C3C0031C51D /* AFNetworking.h */,
				F671CF2E1B259C3C0031C51D /* AFNetworkReachabilityManager.h */,
				F671CF2F1B259C3C0031C51D /* AFNetworkReachabilityManager.m */,
				F671CF301B259C3C0031C51D /* AFSecurityPolicy.h */,
				F671CF311B259C3C0031C51D /* AFSecurityPolicy.m */,
				F671CF321B259C3C0031C51D /* AFURLConnectionOperation.h */,
				F671CF331B259C3C0031C51D /* AFURLConnectionOperation.m */,
				F671CF341B259C3C0031C51D /* AFURLRequestSerialization.h */,
				F671CF351B259C3C0031C51D /* AFURLRequestSerialization.m */,
				F671CF361B259C3C0031C51D /* AFURLResponseSerialization.h */,
				F671CF371B259C3C0031C51D /* AFURLResponseSerialization.m */,
				F671CF381B259C3C0031C51D /* AFURLSessionManager.h */,
				F671CF391B259C3C0031C51D /* AFURLSessionManager.m */,
			);
			path = AFNetworking;
			sourceTree = "<group>";
		};
		F671CF3C1B259C3C0031C51D /* UIKit+AFNetworking */ = {
			isa = PBXGroup;
			children = (
				F671CF3D1B259C3C0031C51D /* AFNetworkActivityIndicatorManager.h */,
				F671CF3E1B259C3C0031C51D /* AFNetworkActivityIndicatorManager.m */,
				F671CF3F1B259C3C0031C51D /* UIActivityIndicatorView+AFNetworking.h */,
				F671CF401B259C3C0031C51D /* UIActivityIndicatorView+AFNetworking.m */,
				F671CF411B259C3C0031C51D /* UIAlertView+AFNetworking.h */,
				F671CF421B259C3C0031C51D /* UIAlertView+AFNetworking.m */,
				F671CF431B259C3C0031C51D /* UIButton+AFNetworking.h */,
				F671CF441B259C3C0031C51D /* UIButton+AFNetworking.m */,
				F671CF451B259C3C0031C51D /* UIImageView+AFNetworking.h */,
				F671CF461B259C3C0031C51D /* UIImageView+AFNetworking.m */,
				F671CF471B259C3C0031C51D /* UIKit+AFNetworking.h */,
				F671CF481B259C3C0031C51D /* UIProgressView+AFNetworking.h */,
				F671CF491B259C3C0031C51D /* UIProgressView+AFNetworking.m */,
				F671CF4A1B259C3C0031C51D /* UIRefreshControl+AFNetworking.h */,
				F671CF4B1B259C3C0031C51D /* UIRefreshControl+AFNetworking.m */,
				F671CF4C1B259C3C0031C51D /* UIWebView+AFNetworking.h */,
				F671CF4D1B259C3C0031C51D /* UIWebView+AFNetworking.m */,
			);
			path = "UIKit+AFNetworking";
			sourceTree = "<group>";
		};
		F671CF7A1B259F550031C51D /* WeChatSDK */ = {
			isa = PBXGroup;
			children = (
				F671CF7B1B259F550031C51D /* libWeChatSDK.a */,
				F671CF7C1B259F550031C51D /* WXApi.h */,
				F671CF7D1B259F550031C51D /* WXApiObject.h */,
			);
			path = WeChatSDK;
			sourceTree = "<group>";
		};
		F671CF7E1B259F550031C51D /* WeiboSDK */ = {
			isa = PBXGroup;
			children = (
				F671CF7F1B259F550031C51D /* libWeiboSDK.a */,
				F671CF801B259F550031C51D /* WBHttpRequest+WeiboShare.h */,
				F671CF811B259F550031C51D /* WBHttpRequest+WeiboToken.h */,
				F671CF821B259F550031C51D /* WBHttpRequest+WeiboUser.h */,
				F671CF831B259F550031C51D /* WBHttpRequest.h */,
				F671CF841B259F550031C51D /* WBSDKBasicButton.h */,
				F671CF851B259F550031C51D /* WBSDKCommentButton.h */,
				F671CF861B259F550031C51D /* WBSDKRelationshipButton.h */,
				F671CF871B259F550031C51D /* WeiboSDK.bundle */,
				F671CF881B259F550031C51D /* WeiboSDK.h */,
				F671CF891B259F550031C51D /* WeiboUser.h */,
			);
			path = WeiboSDK;
			sourceTree = "<group>";
		};
		F671CF8D1B25A22D0031C51D /* SGActionView */ = {
			isa = PBXGroup;
			children = (
				F671CF8E1B25A22D0031C51D /* SGActionView.h */,
				F671CF8F1B25A22D0031C51D /* SGActionView.m */,
				F671CF901B25A22D0031C51D /* SGAlertMenu.h */,
				F671CF911B25A22D0031C51D /* SGAlertMenu.m */,
				F671CF921B25A22D0031C51D /* SGBaseMenu.h */,
				F671CF931B25A22D0031C51D /* SGBaseMenu.m */,
				F671CF941B25A22D0031C51D /* SGGridMenu.h */,
				F671CF951B25A22D0031C51D /* SGGridMenu.m */,
				F671CF961B25A22D0031C51D /* SGSheetMenu.h */,
				F671CF971B25A22D0031C51D /* SGSheetMenu.m */,
			);
			path = SGActionView;
			sourceTree = "<group>";
		};
/* End PBXGroup section */

/* Begin PBXNativeTarget section */
		F671CEAA1B259A230031C51D /* bahaomi */ = {
			isa = PBXNativeTarget;
			buildConfigurationList = F671CEC81B259A230031C51D /* Build configuration list for PBXNativeTarget "bahaomi" */;
			buildPhases = (
				F671CEA71B259A230031C51D /* Sources */,
				F671CEA81B259A230031C51D /* Frameworks */,
				F671CEA91B259A230031C51D /* Resources */,
			);
			buildRules = (
			);
			dependencies = (
			);
			name = bahaomi;
			productName = bahaomi;
			productReference = F671CEAB1B259A230031C51D /* bahaomi.app */;
			productType = "com.apple.product-type.application";
		};
		F671CEBD1B259A230031C51D /* bahaomiTests */ = {
			isa = PBXNativeTarget;
			buildConfigurationList = F671CECB1B259A230031C51D /* Build configuration list for PBXNativeTarget "bahaomiTests" */;
			buildPhases = (
				F671CEBA1B259A230031C51D /* Sources */,
				F671CEBB1B259A230031C51D /* Frameworks */,
				F671CEBC1B259A230031C51D /* Resources */,
			);
			buildRules = (
			);
			dependencies = (
				F671CEC01B259A230031C51D /* PBXTargetDependency */,
			);
			name = bahaomiTests;
			productName = bahaomiTests;
			productReference = F671CEBE1B259A230031C51D /* bahaomiTests.xctest */;
			productType = "com.apple.product-type.bundle.unit-test";
		};
/* End PBXNativeTarget section */

/* Begin PBXProject section */
		F671CEA31B259A230031C51D /* Project object */ = {
			isa = PBXProject;
			attributes = {
				LastUpgradeCheck = 0630;
				ORGANIZATIONNAME = yuedongxinji;
				TargetAttributes = {
					F671CEAA1B259A230031C51D = {
						CreatedOnToolsVersion = 6.3.2;
						DevelopmentTeam = KWMH6YM9LE;
					};
					F671CEBD1B259A230031C51D = {
						CreatedOnToolsVersion = 6.3.2;
						TestTargetID = F671CEAA1B259A230031C51D;
					};
				};
			};
			buildConfigurationList = F671CEA61B259A230031C51D /* Build configuration list for PBXProject "bahaomi" */;
			compatibilityVersion = "Xcode 3.2";
			developmentRegion = English;
			hasScannedForEncodings = 0;
			knownRegions = (
				en,
				Base,
			);
			mainGroup = F671CEA21B259A230031C51D;
			productRefGroup = F671CEAC1B259A230031C51D /* Products */;
			projectDirPath = "";
			projectRoot = "";
			targets = (
				F671CEAA1B259A230031C51D /* bahaomi */,
				F671CEBD1B259A230031C51D /* bahaomiTests */,
			);
		};
/* End PBXProject section */

/* Begin PBXResourcesBuildPhase section */
		F671CEA91B259A230031C51D /* Resources */ = {
			isa = PBXResourcesBuildPhase;
			buildActionMask = 2147483647;
			files = (
				D3E45B991B26789C00676882 /* RegTelViewController.xib in Resources */,
				D3E4BC141B28B55800113323 /* bannerFailure@2x.png in Resources */,
				D3E4BC181B28B55800113323 /* bannerSuccess@2x.png in Resources */,
				D3E45B9E1B267CBE00676882 /* RegPwdViewController.xib in Resources */,
				D3E4BC131B28B55800113323 /* bannerFailure.png in Resources */,
				F66BFF831B2A96FE00ECCFD9 /* btnCheck@2x.png in Resources */,
				F66BFF8F1B2AD58100ECCFD9 /* BindTelController.xib in Resources */,
				F666FD331B28229D00D03E04 /* MJRefresh.bundle in Resources */,
				D3E45B8B1B25EF1B00676882 /* LoginRootViewController.xib in Resources */,
				D3E4BC161B28B55800113323 /* bannerNotify@2x.png in Resources */,
				D3E4BC171B28B55800113323 /* bannerSuccess.png in Resources */,
				D3E4BC111B28B55800113323 /* bannerAlert.png in Resources */,
				D3E4D4ED1B276BC900BF2942 /* LargeCell.xib in Resources */,
				F671CF681B259C3C0031C51D /* LICENSE in Resources */,
				D3E45B941B26665400676882 /* TelLoginViewController.xib in Resources */,
				D3E4BC151B28B55800113323 /* bannerNotify.png in Resources */,
				D3E4D4E81B2764DA00BF2942 /* ViewPageController.xib in Resources */,
				F671CEB91B259A230031C51D /* LaunchScreen.xib in Resources */,
				D3E4D4F21B276BDF00BF2942 /* SmallCell.xib in Resources */,
				F66BFF821B2A96FE00ECCFD9 /* btnCheck.png in Resources */,
				F671CF8C1B259F550031C51D /* WeiboSDK.bundle in Resources */,
				F671CEB61B259A230031C51D /* Images.xcassets in Resources */,
				F655B7FE1B296BFE0025D3BC /* AddSubscribeCell.xib in Resources */,
				F655B7F31B2962E50025D3BC /* CollectionCell.xib in Resources */,
				F666FD421B284DC200D03E04 /* ReportViewController.xib in Resources */,
				D3E4BC121B28B55800113323 /* bannerAlert@2x.png in Resources */,
			);
			runOnlyForDeploymentPostprocessing = 0;
		};
		F671CEBC1B259A230031C51D /* Resources */ = {
			isa = PBXResourcesBuildPhase;
			buildActionMask = 2147483647;
			files = (
			);
			runOnlyForDeploymentPostprocessing = 0;
		};
/* End PBXResourcesBuildPhase section */

/* Begin PBXSourcesBuildPhase section */
		F671CEA71B259A230031C51D /* Sources */ = {
			isa = PBXSourcesBuildPhase;
			buildActionMask = 2147483647;
			files = (
				F666FD351B28229D00D03E04 /* MJRefreshConst.m in Sources */,
				F666FD361B28229D00D03E04 /* MJRefreshFooterView.m in Sources */,
				F655B7F61B296A400025D3BC /* SubscribeNewsListViewController.m in Sources */,
				F671CF651B259C3C0031C51D /* AFURLRequestSerialization.m in Sources */,
				D3E4D4D01B27585500BF2942 /* MySettingsViewController.m in Sources */,
				F666FD411B284DC200D03E04 /* ReportViewController.m in Sources */,
				D3D24B201B2A01900061F641 /* EventDetailViewController.m in Sources */,
				F666FD391B28229D00D03E04 /* UIScrollView+MJRefresh.m in Sources */,
				D3E45B8F1B26652300676882 /* BHM_TextField.m in Sources */,
				F671CF6E1B259C3C0031C51D /* UIImageView+AFNetworking.m in Sources */,
				F671CF641B259C3C0031C51D /* AFURLConnectionOperation.m in Sources */,
				D3E45B6C1B25DCC400676882 /* FMDatabase.m in Sources */,
				D3E45B701B25DCC400676882 /* FMResultSet.m in Sources */,
				D3E4D4F11B276BDF00BF2942 /* SmallCell.m in Sources */,
				D3E45B3F1B25D7C700676882 /* NetworkUtil.m in Sources */,
				D3D24B1C1B29FE640061F641 /* EventEndedListController.m in Sources */,
				D3E4BC0F1B28B55800113323 /* ALAlertBanner.m in Sources */,
				F655B7EE1B2941DE0025D3BC /* SubscribeCollectionController.m in Sources */,
				F671CF9A1B25A22D0031C51D /* SGBaseMenu.m in Sources */,
				F671CF631B259C3C0031C51D /* AFSecurityPolicy.m in Sources */,
				D3E45B931B26665400676882 /* TelLoginViewController.m in Sources */,
				D3E4D4E71B2764DA00BF2942 /* ViewPageController.m in Sources */,
				D3E45B6F1B25DCC400676882 /* FMDatabaseQueue.m in Sources */,
				D3E45B7B1B25E8E400676882 /* MyRootViewController.m in Sources */,
				D3E45B771B25E7AD00676882 /* MainTabBarControllerViewController.m in Sources */,
				F671CF6F1B259C3C0031C51D /* UIProgressView+AFNetworking.m in Sources */,
				F666FD381B28229D00D03E04 /* UIScrollView+MJExtension.m in Sources */,
				D3E4D4D91B275D3A00BF2942 /* NewsListViewController.m in Sources */,
				F671CF5F1B259C3C0031C51D /* AFHTTPRequestOperation.m in Sources */,
				F666FD3D1B282A1500D03E04 /* DetailViewController.m in Sources */,
				D3E4D4CD1B27543C00BF2942 /* MyMainViewController.m in Sources */,
				F671CF671B259C3C0031C51D /* AFURLSessionManager.m in Sources */,
				D3E4D4EC1B276BC900BF2942 /* LargeCell.m in Sources */,
				D3E45B731B25DFAF00676882 /* DBUtil.m in Sources */,
				F671CF981B25A22D0031C51D /* SGActionView.m in Sources */,
				F671CF661B259C3C0031C51D /* AFURLResponseSerialization.m in Sources */,
				F671CF6D1B259C3C0031C51D /* UIButton+AFNetworking.m in Sources */,
				D3E45B401B25D7C700676882 /* Util.m in Sources */,
				F655B7F91B296B8A0025D3BC /* AddSubscribeList.m in Sources */,
				F671CF9C1B25A22D0031C51D /* SGSheetMenu.m in Sources */,
				F671CF6B1B259C3C0031C51D /* UIActivityIndicatorView+AFNetworking.m in Sources */,
				D3D24B1D1B29FE640061F641 /* EventStartedListController.m in Sources */,
				F671CF691B259C3C0031C51D /* README.md in Sources */,
				D3E4BC101B28B55800113323 /* ALAlertBannerManager.m in Sources */,
				F655B7F21B2962E50025D3BC /* CollectionCell.m in Sources */,
				F66BFF8E1B2AD58100ECCFD9 /* BindTelController.m in Sources */,
				F655B7FD1B296BFE0025D3BC /* AddSubscribeCell.m in Sources */,
				F66BFF851B2A96FE00ECCFD9 /* MBProgressHUD.m in Sources */,
				F666FD3A1B28229D00D03E04 /* UIView+MJExtension.m in Sources */,
				F671CF701B259C3C0031C51D /* UIRefreshControl+AFNetworking.m in Sources */,
				D3E45B981B26789C00676882 /* RegTelViewController.m in Sources */,
				D3E45B6D1B25DCC400676882 /* FMDatabaseAdditions.m in Sources */,
				F671CF711B259C3C0031C51D /* UIWebView+AFNetworking.m in Sources */,
				F671CF991B25A22D0031C51D /* SGAlertMenu.m in Sources */,
				F671CEB41B259A230031C51D /* AppDelegate.m in Sources */,
				D3E45B7E1B25E8FC00676882 /* IndexRootViewController.m in Sources */,
				F671CF6C1B259C3C0031C51D /* UIAlertView+AFNetworking.m in Sources */,
				F66BFF841B2A96FE00ECCFD9 /* HUD.m in Sources */,
				D3E45B9D1B267CBE00676882 /* RegPwdViewController.m in Sources */,
				D3E45B8A1B25EF1B00676882 /* LoginRootViewController.m in Sources */,
				F666FD371B28229D00D03E04 /* MJRefreshHeaderView.m in Sources */,
				D3E4D4DC1B275D5C00BF2942 /* DynamicListViewController.m in Sources */,
				D3E45B841B25E93000676882 /* EventRootViewController.m in Sources */,
				F671CF611B259C3C0031C51D /* AFHTTPSessionManager.m in Sources */,
				D3E45B811B25E92100676882 /* SubscribeRootViewController.m in Sources */,
				F671CF6A1B259C3C0031C51D /* AFNetworkActivityIndicatorManager.m in Sources */,
				F666FD341B28229D00D03E04 /* MJRefreshBaseView.m in Sources */,
				F671CF601B259C3C0031C51D /* AFHTTPRequestOperationManager.m in Sources */,
				F671CF9B1B25A22D0031C51D /* SGGridMenu.m in Sources */,
				F671CF621B259C3C0031C51D /* AFNetworkReachabilityManager.m in Sources */,
				F671CEB11B259A230031C51D /* main.m in Sources */,
				D3E45B6E1B25DCC400676882 /* FMDatabasePool.m in Sources */,
			);
			runOnlyForDeploymentPostprocessing = 0;
		};
		F671CEBA1B259A230031C51D /* Sources */ = {
			isa = PBXSourcesBuildPhase;
			buildActionMask = 2147483647;
			files = (
				F671CEC51B259A230031C51D /* bahaomiTests.m in Sources */,
			);
			runOnlyForDeploymentPostprocessing = 0;
		};
/* End PBXSourcesBuildPhase section */

/* Begin PBXTargetDependency section */
		F671CEC01B259A230031C51D /* PBXTargetDependency */ = {
			isa = PBXTargetDependency;
			target = F671CEAA1B259A230031C51D /* bahaomi */;
			targetProxy = F671CEBF1B259A230031C51D /* PBXContainerItemProxy */;
		};
/* End PBXTargetDependency section */

/* Begin PBXVariantGroup section */
		F671CEB71B259A230031C51D /* LaunchScreen.xib */ = {
			isa = PBXVariantGroup;
			children = (
				F671CEB81B259A230031C51D /* Base */,
			);
			name = LaunchScreen.xib;
			sourceTree = "<group>";
		};
/* End PBXVariantGroup section */

/* Begin XCBuildConfiguration section */
		F671CEC61B259A230031C51D /* Debug */ = {
			isa = XCBuildConfiguration;
			buildSettings = {
				ALWAYS_SEARCH_USER_PATHS = NO;
				CLANG_CXX_LANGUAGE_STANDARD = "gnu++0x";
				CLANG_CXX_LIBRARY = "libc++";
				CLANG_ENABLE_MODULES = YES;
				CLANG_ENABLE_OBJC_ARC = YES;
				CLANG_WARN_BOOL_CONVERSION = YES;
				CLANG_WARN_CONSTANT_CONVERSION = YES;
				CLANG_WARN_DIRECT_OBJC_ISA_USAGE = YES_ERROR;
				CLANG_WARN_EMPTY_BODY = YES;
				CLANG_WARN_ENUM_CONVERSION = YES;
				CLANG_WARN_INT_CONVERSION = YES;
				CLANG_WARN_OBJC_ROOT_CLASS = YES_ERROR;
				CLANG_WARN_UNREACHABLE_CODE = YES;
				CLANG_WARN__DUPLICATE_METHOD_MATCH = YES;
				"CODE_SIGN_IDENTITY[sdk=iphoneos*]" = "iPhone Developer";
				COPY_PHASE_STRIP = NO;
				DEBUG_INFORMATION_FORMAT = "dwarf-with-dsym";
				ENABLE_STRICT_OBJC_MSGSEND = NO;
				GCC_C_LANGUAGE_STANDARD = gnu99;
				GCC_DYNAMIC_NO_PIC = NO;
				GCC_NO_COMMON_BLOCKS = YES;
				GCC_OPTIMIZATION_LEVEL = 0;
				GCC_PREPROCESSOR_DEFINITIONS = (
					"DEBUG=1",
					"$(inherited)",
				);
				GCC_SYMBOLS_PRIVATE_EXTERN = NO;
				GCC_WARN_64_TO_32_BIT_CONVERSION = YES;
				GCC_WARN_ABOUT_RETURN_TYPE = YES_ERROR;
				GCC_WARN_UNDECLARED_SELECTOR = YES;
				GCC_WARN_UNINITIALIZED_AUTOS = YES_AGGRESSIVE;
				GCC_WARN_UNUSED_FUNCTION = YES;
				GCC_WARN_UNUSED_VARIABLE = YES;
				IPHONEOS_DEPLOYMENT_TARGET = 7.0;
				MTL_ENABLE_DEBUG_INFO = YES;
				ONLY_ACTIVE_ARCH = YES;
				SDKROOT = iphoneos;
			};
			name = Debug;
		};
		F671CEC71B259A230031C51D /* Release */ = {
			isa = XCBuildConfiguration;
			buildSettings = {
				ALWAYS_SEARCH_USER_PATHS = NO;
				CLANG_CXX_LANGUAGE_STANDARD = "gnu++0x";
				CLANG_CXX_LIBRARY = "libc++";
				CLANG_ENABLE_MODULES = YES;
				CLANG_ENABLE_OBJC_ARC = YES;
				CLANG_WARN_BOOL_CONVERSION = YES;
				CLANG_WARN_CONSTANT_CONVERSION = YES;
				CLANG_WARN_DIRECT_OBJC_ISA_USAGE = YES_ERROR;
				CLANG_WARN_EMPTY_BODY = YES;
				CLANG_WARN_ENUM_CONVERSION = YES;
				CLANG_WARN_INT_CONVERSION = YES;
				CLANG_WARN_OBJC_ROOT_CLASS = YES_ERROR;
				CLANG_WARN_UNREACHABLE_CODE = YES;
				CLANG_WARN__DUPLICATE_METHOD_MATCH = YES;
				"CODE_SIGN_IDENTITY[sdk=iphoneos*]" = "iPhone Developer";
				COPY_PHASE_STRIP = NO;
				DEBUG_INFORMATION_FORMAT = "dwarf-with-dsym";
				ENABLE_NS_ASSERTIONS = NO;
				ENABLE_STRICT_OBJC_MSGSEND = NO;
				GCC_C_LANGUAGE_STANDARD = gnu99;
				GCC_NO_COMMON_BLOCKS = YES;
				GCC_WARN_64_TO_32_BIT_CONVERSION = YES;
				GCC_WARN_ABOUT_RETURN_TYPE = YES_ERROR;
				GCC_WARN_UNDECLARED_SELECTOR = YES;
				GCC_WARN_UNINITIALIZED_AUTOS = YES_AGGRESSIVE;
				GCC_WARN_UNUSED_FUNCTION = YES;
				GCC_WARN_UNUSED_VARIABLE = YES;
				IPHONEOS_DEPLOYMENT_TARGET = 7.0;
				MTL_ENABLE_DEBUG_INFO = NO;
				SDKROOT = iphoneos;
				VALIDATE_PRODUCT = YES;
			};
			name = Release;
		};
		F671CEC91B259A230031C51D /* Debug */ = {
			isa = XCBuildConfiguration;
			buildSettings = {
				ASSETCATALOG_COMPILER_APPICON_NAME = AppIcon;
				CODE_SIGN_IDENTITY = "iPhone Developer: zhiqiang yan (H54D52NNDC)";
				INFOPLIST_FILE = bahaomi/Info.plist;
				LD_RUNPATH_SEARCH_PATHS = "$(inherited) @executable_path/Frameworks";
				LIBRARY_SEARCH_PATHS = (
					"$(inherited)",
					"$(PROJECT_DIR)/bahaomi/third/WeChatSDK",
					"$(PROJECT_DIR)/bahaomi/third/WeiboSDK",
				);
				OTHER_LDFLAGS = (
					"-force_load",
					"$(PROJECT_DIR)/bahaomi/third/WeiboSDK/libWeiboSDK.a",
				);
				PRODUCT_NAME = "$(TARGET_NAME)";
			};
			name = Debug;
		};
		F671CECA1B259A230031C51D /* Release */ = {
			isa = XCBuildConfiguration;
			buildSettings = {
				ASSETCATALOG_COMPILER_APPICON_NAME = AppIcon;
				CODE_SIGN_IDENTITY = "iPhone Developer: zhiqiang yan (H54D52NNDC)";
				INFOPLIST_FILE = bahaomi/Info.plist;
				LD_RUNPATH_SEARCH_PATHS = "$(inherited) @executable_path/Frameworks";
				LIBRARY_SEARCH_PATHS = (
					"$(inherited)",
					"$(PROJECT_DIR)/bahaomi/third/WeChatSDK",
					"$(PROJECT_DIR)/bahaomi/third/WeiboSDK",
				);
				OTHER_LDFLAGS = (
					"-force_load",
					"$(PROJECT_DIR)/bahaomi/third/WeiboSDK/libWeiboSDK.a",
				);
				PRODUCT_NAME = "$(TARGET_NAME)";
			};
			name = Release;
		};
		F671CECC1B259A230031C51D /* Debug */ = {
			isa = XCBuildConfiguration;
			buildSettings = {
				BUNDLE_LOADER = "$(TEST_HOST)";
				FRAMEWORK_SEARCH_PATHS = (
					"$(SDKROOT)/Developer/Library/Frameworks",
					"$(inherited)",
				);
				GCC_PREPROCESSOR_DEFINITIONS = (
					"DEBUG=1",
					"$(inherited)",
				);
				INFOPLIST_FILE = bahaomiTests/Info.plist;
				LD_RUNPATH_SEARCH_PATHS = "$(inherited) @executable_path/Frameworks @loader_path/Frameworks";
				PRODUCT_NAME = "$(TARGET_NAME)";
				TEST_HOST = "$(BUILT_PRODUCTS_DIR)/bahaomi.app/bahaomi";
			};
			name = Debug;
		};
		F671CECD1B259A230031C51D /* Release */ = {
			isa = XCBuildConfiguration;
			buildSettings = {
				BUNDLE_LOADER = "$(TEST_HOST)";
				FRAMEWORK_SEARCH_PATHS = (
					"$(SDKROOT)/Developer/Library/Frameworks",
					"$(inherited)",
				);
				INFOPLIST_FILE = bahaomiTests/Info.plist;
				LD_RUNPATH_SEARCH_PATHS = "$(inherited) @executable_path/Frameworks @loader_path/Frameworks";
				PRODUCT_NAME = "$(TARGET_NAME)";
				TEST_HOST = "$(BUILT_PRODUCTS_DIR)/bahaomi.app/bahaomi";
			};
			name = Release;
		};
/* End XCBuildConfiguration section */

/* Begin XCConfigurationList section */
		F671CEA61B259A230031C51D /* Build configuration list for PBXProject "bahaomi" */ = {
			isa = XCConfigurationList;
			buildConfigurations = (
				F671CEC61B259A230031C51D /* Debug */,
				F671CEC71B259A230031C51D /* Release */,
			);
			defaultConfigurationIsVisible = 0;
			defaultConfigurationName = Release;
		};
		F671CEC81B259A230031C51D /* Build configuration list for PBXNativeTarget "bahaomi" */ = {
			isa = XCConfigurationList;
			buildConfigurations = (
				F671CEC91B259A230031C51D /* Debug */,
				F671CECA1B259A230031C51D /* Release */,
			);
			defaultConfigurationIsVisible = 0;
			defaultConfigurationName = Release;
		};
		F671CECB1B259A230031C51D /* Build configuration list for PBXNativeTarget "bahaomiTests" */ = {
			isa = XCConfigurationList;
			buildConfigurations = (
				F671CECC1B259A230031C51D /* Debug */,
				F671CECD1B259A230031C51D /* Release */,
			);
			defaultConfigurationIsVisible = 0;
			defaultConfigurationName = Release;
		};
/* End XCConfigurationList section */
	};
	rootObject = F671CEA31B259A230031C51D /* Project object */;
}
