// !$*UTF8*$!
{
	archiveVersion = 1;
	classes = {
	};
	objectVersion = 46;
	objects = {

/* Begin PBXBuildFile section */
		F671CEB11B259A230031C51D /* main.m in Sources */ = {isa = PBXBuildFile; fileRef = F671CEB01B259A230031C51D /* main.m */; };
		F671CEB41B259A230031C51D /* AppDelegate.m in Sources */ = {isa = PBXBuildFile; fileRef = F671CEB31B259A230031C51D /* AppDelegate.m */; };
		F671CEB61B259A230031C51D /* Images.xcassets in Resources */ = {isa = PBXBuildFile; fileRef = F671CEB51B259A230031C51D /* Images.xcassets */; };
		F671CEB91B259A230031C51D /* LaunchScreen.xib in Resources */ = {isa = PBXBuildFile; fileRef = F671CEB71B259A230031C51D /* LaunchScreen.xib */; };
		F671CEC51B259A230031C51D /* bahaomiTests.m in Sources */ = {isa = PBXBuildFile; fileRef = F671CEC41B259A230031C51D /* bahaomiTests.m */; };
/* End PBXBuildFile section */

/* Begin PBXContainerItemProxy section */
		F671CEBF1B259A230031C51D /* PBXContainerItemProxy */ = {
			isa = PBXContainerItemProxy;
			containerPortal = F671CEA31B259A230031C51D /* Project object */;
			proxyType = 1;
			remoteGlobalIDString = F671CEAA1B259A230031C51D;
			remoteInfo = bahaomi;
		};
/* End PBXContainerItemProxy section */

/* Begin PBXFileReference section */
		F671CEAB1B259A230031C51D /* bahaomi.app */ = {isa = PBXFileReference; explicitFileType = wrapper.application; includeInIndex = 0; path = bahaomi.app; sourceTree = BUILT_PRODUCTS_DIR; };
		F671CEAF1B259A230031C51D /* Info.plist */ = {isa = PBXFileReference; lastKnownFileType = text.plist.xml; path = Info.plist; sourceTree = "<group>"; };
		F671CEB01B259A230031C51D /* main.m */ = {isa = PBXFileReference; lastKnownFileType = sourcecode.c.objc; path = main.m; sourceTree = "<group>"; };
		F671CEB21B259A230031C51D /* AppDelegate.h */ = {isa = PBXFileReference; lastKnownFileType = sourcecode.c.h; path = AppDelegate.h; sourceTree = "<group>"; };
		F671CEB31B259A230031C51D /* AppDelegate.m */ = {isa = PBXFileReference; lastKnownFileType = sourcecode.c.objc; path = AppDelegate.m; sourceTree = "<group>"; };
		F671CEB51B259A230031C51D /* Images.xcassets */ = {isa = PBXFileReference; lastKnownFileType = folder.assetcatalog; path = Images.xcassets; sourceTree = "<group>"; };
		F671CEB81B259A230031C51D /* Base */ = {isa = PBXFileReference; lastKnownFileType = file.xib; name = Base; path = Base.lproj/LaunchScreen.xib; sourceTree = "<group>"; };
		F671CEBE1B259A230031C51D /* bahaomiTests.xctest */ = {isa = PBXFileReference; explicitFileType = wrapper.cfbundle; includeInIndex = 0; path = bahaomiTests.xctest; sourceTree = BUILT_PRODUCTS_DIR; };
		F671CEC31B259A230031C51D /* Info.plist */ = {isa = PBXFileReference; lastKnownFileType = text.plist.xml; path = Info.plist; sourceTree = "<group>"; };
		F671CEC41B259A230031C51D /* bahaomiTests.m */ = {isa = PBXFileReference; lastKnownFileType = sourcecode.c.objc; path = bahaomiTests.m; sourceTree = "<group>"; };
/* End PBXFileReference section */

/* Begin PBXFrameworksBuildPhase section */
		F671CEA81B259A230031C51D /* Frameworks */ = {
			isa = PBXFrameworksBuildPhase;
			buildActionMask = 2147483647;
			files = (
			);
			runOnlyForDeploymentPostprocessing = 0;
		};
		F671CEBB1B259A230031C51D /* Frameworks */ = {
			isa = PBXFrameworksBuildPhase;
			buildActionMask = 2147483647;
			files = (
			);
			runOnlyForDeploymentPostprocessing = 0;
		};
/* End PBXFrameworksBuildPhase section */

/* Begin PBXGroup section */
		F671CEA21B259A230031C51D = {
			isa = PBXGroup;
			children = (
				F671CEAD1B259A230031C51D /* bahaomi */,
				F671CEC11B259A230031C51D /* bahaomiTests */,
				F671CEAC1B259A230031C51D /* Products */,
			);
			sourceTree = "<group>";
		};
		F671CEAC1B259A230031C51D /* Products */ = {
			isa = PBXGroup;
			children = (
				F671CEAB1B259A230031C51D /* bahaomi.app */,
				F671CEBE1B259A230031C51D /* bahaomiTests.xctest */,
			);
			name = Products;
			sourceTree = "<group>";
		};
		F671CEAD1B259A230031C51D /* bahaomi */ = {
			isa = PBXGroup;
			children = (
				F671CEB21B259A230031C51D /* AppDelegate.h */,
				F671CEB31B259A230031C51D /* AppDelegate.m */,
				F671CEB51B259A230031C51D /* Images.xcassets */,
				F671CEB71B259A230031C51D /* LaunchScreen.xib */,
				F671CEAE1B259A230031C51D /* Supporting Files */,
			);
			path = bahaomi;
			sourceTree = "<group>";
		};
		F671CEAE1B259A230031C51D /* Supporting Files */ = {
			isa = PBXGroup;
			children = (
				F671CEAF1B259A230031C51D /* Info.plist */,
				F671CEB01B259A230031C51D /* main.m */,
			);
			name = "Supporting Files";
			sourceTree = "<group>";
		};
		F671CEC11B259A230031C51D /* bahaomiTests */ = {
			isa = PBXGroup;
			children = (
				F671CEC41B259A230031C51D /* bahaomiTests.m */,
				F671CEC21B259A230031C51D /* Supporting Files */,
			);
			path = bahaomiTests;
			sourceTree = "<group>";
		};
		F671CEC21B259A230031C51D /* Supporting Files */ = {
			isa = PBXGroup;
			children = (
				F671CEC31B259A230031C51D /* Info.plist */,
			);
			name = "Supporting Files";
			sourceTree = "<group>";
		};
/* End PBXGroup section */

/* Begin PBXNativeTarget section */
		F671CEAA1B259A230031C51D /* bahaomi */ = {
			isa = PBXNativeTarget;
			buildConfigurationList = F671CEC81B259A230031C51D /* Build configuration list for PBXNativeTarget "bahaomi" */;
			buildPhases = (
				F671CEA71B259A230031C51D /* Sources */,
				F671CEA81B259A230031C51D /* Frameworks */,
				F671CEA91B259A230031C51D /* Resources */,
			);
			buildRules = (
			);
			dependencies = (
			);
			name = bahaomi;
			productName = bahaomi;
			productReference = F671CEAB1B259A230031C51D /* bahaomi.app */;
			productType = "com.apple.product-type.application";
		};
		F671CEBD1B259A230031C51D /* bahaomiTests */ = {
			isa = PBXNativeTarget;
			buildConfigurationList = F671CECB1B259A230031C51D /* Build configuration list for PBXNativeTarget "bahaomiTests" */;
			buildPhases = (
				F671CEBA1B259A230031C51D /* Sources */,
				F671CEBB1B259A230031C51D /* Frameworks */,
				F671CEBC1B259A230031C51D /* Resources */,
			);
			buildRules = (
			);
			dependencies = (
				F671CEC01B259A230031C51D /* PBXTargetDependency */,
			);
			name = bahaomiTests;
			productName = bahaomiTests;
			productReference = F671CEBE1B259A230031C51D /* bahaomiTests.xctest */;
			productType = "com.apple.product-type.bundle.unit-test";
		};
/* End PBXNativeTarget section */

/* Begin PBXProject section */
		F671CEA31B259A230031C51D /* Project object */ = {
			isa = PBXProject;
			attributes = {
				LastUpgradeCheck = 0630;
				ORGANIZATIONNAME = yuedongxinji;
				TargetAttributes = {
					F671CEAA1B259A230031C51D = {
						CreatedOnToolsVersion = 6.3.2;
					};
					F671CEBD1B259A230031C51D = {
						CreatedOnToolsVersion = 6.3.2;
						TestTargetID = F671CEAA1B259A230031C51D;
					};
				};
			};
			buildConfigurationList = F671CEA61B259A230031C51D /* Build configuration list for PBXProject "bahaomi" */;
			compatibilityVersion = "Xcode 3.2";
			developmentRegion = English;
			hasScannedForEncodings = 0;
			knownRegions = (
				en,
				Base,
			);
			mainGroup = F671CEA21B259A230031C51D;
			productRefGroup = F671CEAC1B259A230031C51D /* Products */;
			projectDirPath = "";
			projectRoot = "";
			targets = (
				F671CEAA1B259A230031C51D /* bahaomi */,
				F671CEBD1B259A230031C51D /* bahaomiTests */,
			);
		};
/* End PBXProject section */

/* Begin PBXResourcesBuildPhase section */
		F671CEA91B259A230031C51D /* Resources */ = {
			isa = PBXResourcesBuildPhase;
			buildActionMask = 2147483647;
			files = (
				F671CEB91B259A230031C51D /* LaunchScreen.xib in Resources */,
				F671CEB61B259A230031C51D /* Images.xcassets in Resources */,
			);
			runOnlyForDeploymentPostprocessing = 0;
		};
		F671CEBC1B259A230031C51D /* Resources */ = {
			isa = PBXResourcesBuildPhase;
			buildActionMask = 2147483647;
			files = (
			);
			runOnlyForDeploymentPostprocessing = 0;
		};
/* End PBXResourcesBuildPhase section */

/* Begin PBXSourcesBuildPhase section */
		F671CEA71B259A230031C51D /* Sources */ = {
			isa = PBXSourcesBuildPhase;
			buildActionMask = 2147483647;
			files = (
				F671CEB41B259A230031C51D /* AppDelegate.m in Sources */,
				F671CEB11B259A230031C51D /* main.m in Sources */,
			);
			runOnlyForDeploymentPostprocessing = 0;
		};
		F671CEBA1B259A230031C51D /* Sources */ = {
			isa = PBXSourcesBuildPhase;
			buildActionMask = 2147483647;
			files = (
				F671CEC51B259A230031C51D /* bahaomiTests.m in Sources */,
			);
			runOnlyForDeploymentPostprocessing = 0;
		};
/* End PBXSourcesBuildPhase section */

/* Begin PBXTargetDependency section */
		F671CEC01B259A230031C51D /* PBXTargetDependency */ = {
			isa = PBXTargetDependency;
			target = F671CEAA1B259A230031C51D /* bahaomi */;
			targetProxy = F671CEBF1B259A230031C51D /* PBXContainerItemProxy */;
		};
/* End PBXTargetDependency section */

/* Begin PBXVariantGroup section */
		F671CEB71B259A230031C51D /* LaunchScreen.xib */ = {
			isa = PBXVariantGroup;
			children = (
				F671CEB81B259A230031C51D /* Base */,
			);
			name = LaunchScreen.xib;
			sourceTree = "<group>";
		};
/* End PBXVariantGroup section */

/* Begin XCBuildConfiguration section */
		F671CEC61B259A230031C51D /* Debug */ = {
			isa = XCBuildConfiguration;
			buildSettings = {
				ALWAYS_SEARCH_USER_PATHS = NO;
				CLANG_CXX_LANGUAGE_STANDARD = "gnu++0x";
				CLANG_CXX_LIBRARY = "libc++";
				CLANG_ENABLE_MODULES = YES;
				CLANG_ENABLE_OBJC_ARC = YES;
				CLANG_WARN_BOOL_CONVERSION = YES;
				CLANG_WARN_CONSTANT_CONVERSION = YES;
				CLANG_WARN_DIRECT_OBJC_ISA_USAGE = YES_ERROR;
				CLANG_WARN_EMPTY_BODY = YES;
				CLANG_WARN_ENUM_CONVERSION = YES;
				CLANG_WARN_INT_CONVERSION = YES;
				CLANG_WARN_OBJC_ROOT_CLASS = YES_ERROR;
				CLANG_WARN_UNREACHABLE_CODE = YES;
				CLANG_WARN__DUPLICATE_METHOD_MATCH = YES;
				"CODE_SIGN_IDENTITY[sdk=iphoneos*]" = "iPhone Developer";
				COPY_PHASE_STRIP = NO;
				DEBUG_INFORMATION_FORMAT = "dwarf-with-dsym";
				ENABLE_STRICT_OBJC_MSGSEND = YES;
				GCC_C_LANGUAGE_STANDARD = gnu99;
				GCC_DYNAMIC_NO_PIC = NO;
				GCC_NO_COMMON_BLOCKS = YES;
				GCC_OPTIMIZATION_LEVEL = 0;
				GCC_PREPROCESSOR_DEFINITIONS = (
					"DEBUG=1",
					"$(inherited)",
				);
				GCC_SYMBOLS_PRIVATE_EXTERN = NO;
				GCC_WARN_64_TO_32_BIT_CONVERSION = YES;
				GCC_WARN_ABOUT_RETURN_TYPE = YES_ERROR;
				GCC_WARN_UNDECLARED_SELECTOR = YES;
				GCC_WARN_UNINITIALIZED_AUTOS = YES_AGGRESSIVE;
				GCC_WARN_UNUSED_FUNCTION = YES;
				GCC_WARN_UNUSED_VARIABLE = YES;
				IPHONEOS_DEPLOYMENT_TARGET = 8.3;
				MTL_ENABLE_DEBUG_INFO = YES;
				ONLY_ACTIVE_ARCH = YES;
				SDKROOT = iphoneos;
			};
			name = Debug;
		};
		F671CEC71B259A230031C51D /* Release */ = {
			isa = XCBuildConfiguration;
			buildSettings = {
				ALWAYS_SEARCH_USER_PATHS = NO;
				CLANG_CXX_LANGUAGE_STANDARD = "gnu++0x";
				CLANG_CXX_LIBRARY = "libc++";
				CLANG_ENABLE_MODULES = YES;
				CLANG_ENABLE_OBJC_ARC = YES;
				CLANG_WARN_BOOL_CONVERSION = YES;
				CLANG_WARN_CONSTANT_CONVERSION = YES;
				CLANG_WARN_DIRECT_OBJC_ISA_USAGE = YES_ERROR;
				CLANG_WARN_EMPTY_BODY = YES;
				CLANG_WARN_ENUM_CONVERSION = YES;
				CLANG_WARN_INT_CONVERSION = YES;
				CLANG_WARN_OBJC_ROOT_CLASS = YES_ERROR;
				CLANG_WARN_UNREACHABLE_CODE = YES;
				CLANG_WARN__DUPLICATE_METHOD_MATCH = YES;
				"CODE_SIGN_IDENTITY[sdk=iphoneos*]" = "iPhone Developer";
				COPY_PHASE_STRIP = NO;
				DEBUG_INFORMATION_FORMAT = "dwarf-with-dsym";
				ENABLE_NS_ASSERTIONS = NO;
				ENABLE_STRICT_OBJC_MSGSEND = YES;
				GCC_C_LANGUAGE_STANDARD = gnu99;
				GCC_NO_COMMON_BLOCKS = YES;
				GCC_WARN_64_TO_32_BIT_CONVERSION = YES;
				GCC_WARN_ABOUT_RETURN_TYPE = YES_ERROR;
				GCC_WARN_UNDECLARED_SELECTOR = YES;
				GCC_WARN_UNINITIALIZED_AUTOS = YES_AGGRESSIVE;
				GCC_WARN_UNUSED_FUNCTION = YES;
				GCC_WARN_UNUSED_VARIABLE = YES;
				IPHONEOS_DEPLOYMENT_TARGET = 8.3;
				MTL_ENABLE_DEBUG_INFO = NO;
				SDKROOT = iphoneos;
				VALIDATE_PRODUCT = YES;
			};
			name = Release;
		};
		F671CEC91B259A230031C51D /* Debug */ = {
			isa = XCBuildConfiguration;
			buildSettings = {
				ASSETCATALOG_COMPILER_APPICON_NAME = AppIcon;
				INFOPLIST_FILE = bahaomi/Info.plist;
				LD_RUNPATH_SEARCH_PATHS = "$(inherited) @executable_path/Frameworks";
				PRODUCT_NAME = "$(TARGET_NAME)";
			};
			name = Debug;
		};
		F671CECA1B259A230031C51D /* Release */ = {
			isa = XCBuildConfiguration;
			buildSettings = {
				ASSETCATALOG_COMPILER_APPICON_NAME = AppIcon;
				INFOPLIST_FILE = bahaomi/Info.plist;
				LD_RUNPATH_SEARCH_PATHS = "$(inherited) @executable_path/Frameworks";
				PRODUCT_NAME = "$(TARGET_NAME)";
			};
			name = Release;
		};
		F671CECC1B259A230031C51D /* Debug */ = {
			isa = XCBuildConfiguration;
			buildSettings = {
				BUNDLE_LOADER = "$(TEST_HOST)";
				FRAMEWORK_SEARCH_PATHS = (
					"$(SDKROOT)/Developer/Library/Frameworks",
					"$(inherited)",
				);
				GCC_PREPROCESSOR_DEFINITIONS = (
					"DEBUG=1",
					"$(inherited)",
				);
				INFOPLIST_FILE = bahaomiTests/Info.plist;
				LD_RUNPATH_SEARCH_PATHS = "$(inherited) @executable_path/Frameworks @loader_path/Frameworks";
				PRODUCT_NAME = "$(TARGET_NAME)";
				TEST_HOST = "$(BUILT_PRODUCTS_DIR)/bahaomi.app/bahaomi";
			};
			name = Debug;
		};
		F671CECD1B259A230031C51D /* Release */ = {
			isa = XCBuildConfiguration;
			buildSettings = {
				BUNDLE_LOADER = "$(TEST_HOST)";
				FRAMEWORK_SEARCH_PATHS = (
					"$(SDKROOT)/Developer/Library/Frameworks",
					"$(inherited)",
				);
				INFOPLIST_FILE = bahaomiTests/Info.plist;
				LD_RUNPATH_SEARCH_PATHS = "$(inherited) @executable_path/Frameworks @loader_path/Frameworks";
				PRODUCT_NAME = "$(TARGET_NAME)";
				TEST_HOST = "$(BUILT_PRODUCTS_DIR)/bahaomi.app/bahaomi";
			};
			name = Release;
		};
/* End XCBuildConfiguration section */

/* Begin XCConfigurationList section */
		F671CEA61B259A230031C51D /* Build configuration list for PBXProject "bahaomi" */ = {
			isa = XCConfigurationList;
			buildConfigurations = (
				F671CEC61B259A230031C51D /* Debug */,
				F671CEC71B259A230031C51D /* Release */,
			);
			defaultConfigurationIsVisible = 0;
			defaultConfigurationName = Release;
		};
		F671CEC81B259A230031C51D /* Build configuration list for PBXNativeTarget "bahaomi" */ = {
			isa = XCConfigurationList;
			buildConfigurations = (
				F671CEC91B259A230031C51D /* Debug */,
				F671CECA1B259A230031C51D /* Release */,
			);
			defaultConfigurationIsVisible = 0;
		};
		F671CECB1B259A230031C51D /* Build configuration list for PBXNativeTarget "bahaomiTests" */ = {
			isa = XCConfigurationList;
			buildConfigurations = (
				F671CECC1B259A230031C51D /* Debug */,
				F671CECD1B259A230031C51D /* Release */,
			);
			defaultConfigurationIsVisible = 0;
		};
/* End XCConfigurationList section */
	};
	rootObject = F671CEA31B259A230031C51D /* Project object */;
}
